
Microsoft Visual Studio Solution File, Format Version 12.00
# Visual Studio Version 17
VisualStudioVersion = 17.4.33122.133
MinimumVisualStudioVersion = 10.0.40219.1
Project("{9A19103F-16F7-4668-BE54-9A1E7A4F7556}") = "圆的面积与周长", "Console_project\圆的面积与周长.csproj", "{AF52ACDB-D46E-47B5-A95A-918605196444}"
EndProject
Project("{9A19103F-16F7-4668-BE54-9A1E7A4F7556}") = "选择结构", "选择结构\选择结构.csproj", "{2FCA6F41-AC5D-4FE7-B289-1CB77E79CF3F}"
EndProject
Project("{9A19103F-16F7-4668-BE54-9A1E7A4F7556}") = "数据类型与表达式", "数据类型与表达式\数据类型与表达式.csproj", "{B9EFA58B-303F-491A-ACBB-79EBECF9CB53}"
EndProject
Project("{9A19103F-16F7-4668-BE54-9A1E7A4F7556}") = "分段函数计算", "分段函数计算\分段函数计算.csproj", "{B7C13224-2D09-4266-A30F-E507191DEDDF}"
EndProject
Project("{9A19103F-16F7-4668-BE54-9A1E7A4F7556}") = "成绩转换", "成绩转换\成绩转换.csproj", "{8F8AFA6E-5E6A-4A19-A9C5-D9816288A546}"
EndProject
Project("{9A19103F-16F7-4668-BE54-9A1E7A4F7556}") = "While语句", "While语句\While语句.csproj", "{44F451B4-7811-4BF8-B00A-C17D2BC8FB19}"
EndProject
Project("{9A19103F-16F7-4668-BE54-9A1E7A4F7556}") = "For循环", "For循环\For循环.csproj", "{4E6C106C-AF61-417E-8D2E-555B0E80E617}"
EndProject
Project("{9A19103F-16F7-4668-BE54-9A1E7A4F7556}") = "判断素数", "判断素数\判断素数.csproj", "{0447C3DB-BEA1-45AE-A6AC-B5C9D2F65924}"
EndProject
Project("{9A19103F-16F7-4668-BE54-9A1E7A4F7556}") = "完全数", "完全数\完全数.csproj", "{30358B57-E41F-4587-AE72-887FB54572BC}"
EndProject
Project("{9A19103F-16F7-4668-BE54-9A1E7A4F7556}") = "阶乘", "阶乘\阶乘.csproj", "{A36E2A54-6005-4C30-ACE3-9BA631951D8D}"
EndProject
Project("{9A19103F-16F7-4668-BE54-9A1E7A4F7556}") = "一维数组", "一维数组\一维数组.csproj", "{D53EC696-74B4-4DE3-9FF4-F94BB93030BC}"
EndProject
Project("{9A19103F-16F7-4668-BE54-9A1E7A4F7556}") = "数组求和", "数组求和\数组求和.csproj", "{C54E066F-A661-4A8F-9181-D62EC5FC224D}"
EndProject
Project("{9A19103F-16F7-4668-BE54-9A1E7A4F7556}") = "杨辉三角", "杨辉三角\杨辉三角.csproj", "{48E0C82A-D579-4C91-AF41-2BD045092202}"
EndProject
Project("{9A19103F-16F7-4668-BE54-9A1E7A4F7556}") = "计算数组平均值", "计算数组平均值\计算数组平均值.csproj", "{9CBC10E9-9155-4D42-A28E-FFB65B7823E9}"
EndProject
Project("{9A19103F-16F7-4668-BE54-9A1E7A4F7556}") = "字符串常量", "字符串常量\字符串常量.csproj", "{08D67509-AD95-4A74-A22F-59F4E6AA30B5}"
EndProject
Project("{9A19103F-16F7-4668-BE54-9A1E7A4F7556}") = "格式输出", "格式输出\格式输出.csproj", "{DB428BA6-69D0-411C-93D6-C9CEB95038A3}"
EndProject
Project("{9A19103F-16F7-4668-BE54-9A1E7A4F7556}") = "第几天", "第几天\第几天.csproj", "{9DDD0541-7BD3-4783-A562-14DA5471D722}"
EndProject
Project("{9A19103F-16F7-4668-BE54-9A1E7A4F7556}") = "求平方根", "求平方根\求平方根.csproj", "{64B599FB-E3A8-47B8-BAC3-7F99C572F6C6}"
EndProject
Project("{9A19103F-16F7-4668-BE54-9A1E7A4F7556}") = "查找子串", "查找子串\查找子串.csproj", "{C7EBDD32-9FA1-4B6C-9C8E-E8D4DBA8680A}"
EndProject
Project("{9A19103F-16F7-4668-BE54-9A1E7A4F7556}") = "买鸡蛋", "买鸡蛋\买鸡蛋.csproj", "{2E2B45A4-2190-4B01-950A-7CFB98ACE67E}"
EndProject
Project("{9A19103F-16F7-4668-BE54-9A1E7A4F7556}") = "温度转换", "温度转换\温度转换.csproj", "{AAFC1E8A-0A33-4CBE-B3D8-8C13B8C07329}"
EndProject
Project("{9A19103F-16F7-4668-BE54-9A1E7A4F7556}") = "数位分离", "数位分离\数位分离.csproj", "{0B703515-ABB6-4C45-9839-CAB7387E4BE1}"
EndProject
Project("{9A19103F-16F7-4668-BE54-9A1E7A4F7556}") = "多项式计算", "多项式计算\多项式计算.csproj", "{AAC42BAB-7181-4E7A-B7AA-C664CEA51561}"
EndProject
Project("{9A19103F-16F7-4668-BE54-9A1E7A4F7556}") = "鸡兔同笼", "鸡兔同笼\鸡兔同笼.csproj", "{0F386156-E6EA-435A-A0ED-7A18A3ABAC40}"
EndProject
Project("{9A19103F-16F7-4668-BE54-9A1E7A4F7556}") = "作业问题", "作业问题\作业问题.csproj", "{6339185F-0E75-4705-8EB2-7317F6692471}"
EndProject
Project("{9A19103F-16F7-4668-BE54-9A1E7A4F7556}") = "简易计算器", "简易计算器\简易计算器.csproj", "{D6A44EDF-FD30-43EB-817F-9F714BE0EB67}"
EndProject
Project("{FAE04EC0-301F-11D3-BF4B-00C04F79EFBC}") = "简单的窗体程序实例", "C:\Users\xyt55\Desktop\新建文件夹\welcomee\welcomee\简单的窗体程序实例.csproj", "{6A9BE46B-D825-4D33-A43C-A08426E8D2D9}"
EndProject
Project("{FAE04EC0-301F-11D3-BF4B-00C04F79EFBC}") = "控件的使用", "C:\Users\xyt55\Desktop\新建文件夹\WindowsFormsApplication1\WindowsFormsApplication1\控件的使用.csproj", "{AAC00B75-A080-4C77-924B-826DDF5AB4CF}"
EndProject
Project("{FAE04EC0-301F-11D3-BF4B-00C04F79EFBC}") = "对话框的使用", "C:\Users\xyt55\Desktop\新建文件夹\WindowsFormsApplication1\WindowsFormsApplication1\37.3.2 CH1006\WindowsFormsApplication3\WindowsFormsApplication3\对话框的使用.csproj", "{8003DEAA-3457-45F4-9405-2DE74B5298B8}"
EndProject
Project("{FAE04EC0-301F-11D3-BF4B-00C04F79EFBC}") = "菜单和计时器", "C:\Users\xyt55\Desktop\新建文件夹\WindowsFormsApplication2\WindowsFormsApplication2\菜单和计时器.csproj", "{332FD1AC-869D-40B1-8477-EEF0DE280282}"
EndProject
Project("{9A19103F-16F7-4668-BE54-9A1E7A4F7556}") = "质因子", "质因子\质因子.csproj", "{EC6882F9-1BB4-46BD-8F67-D4994ACA6AD1}"
EndProject
Project("{9A19103F-16F7-4668-BE54-9A1E7A4F7556}") = "整理文字", "整理文字\整理文字.csproj", "{9D6B1871-1F7A-427F-A79F-65060D84C0B5}"
EndProject
Project("{9A19103F-16F7-4668-BE54-9A1E7A4F7556}") = "打印三角形", "打印三角形\打印三角形.csproj", "{9CD07D67-FF7E-4DD2-824D-0D08ECC4B751}"
EndProject
Project("{9A19103F-16F7-4668-BE54-9A1E7A4F7556}") = "切割纸板", "切割纸板\切割纸板.csproj", "{17836433-58A6-4B82-8CAA-D65BEA55E3ED}"
EndProject
Project("{9A19103F-16F7-4668-BE54-9A1E7A4F7556}") = "打印菱形", "打印菱形\打印菱形.csproj", "{AA257B6E-DBAA-427A-8F5C-D79DD09881B5}"
EndProject
Project("{9A19103F-16F7-4668-BE54-9A1E7A4F7556}") = "求s的值", "求s的值\求s的值.csproj", "{D44A6D88-553B-4111-A8C0-05F1A4911F03}"
EndProject
Project("{9A19103F-16F7-4668-BE54-9A1E7A4F7556}") = "截钢管", "截钢管\截钢管.csproj", "{4D69B73F-8C7C-4EB0-B101-836F3B42574D}"
EndProject
Project("{9A19103F-16F7-4668-BE54-9A1E7A4F7556}") = "两个数的平方和", "两个数的平方和\两个数的平方和.csproj", "{BC23B672-654A-48C2-8DC6-2DF368BDCEC3}"
EndProject
Project("{9A19103F-16F7-4668-BE54-9A1E7A4F7556}") = "字母金字塔", "字母金字塔\字母金字塔.csproj", "{5F385393-9D76-4DAA-BA59-35E4622E687B}"
EndProject
Project("{9A19103F-16F7-4668-BE54-9A1E7A4F7556}") = "哥德巴赫猜想", "哥德巴赫猜想\哥德巴赫猜想.csproj", "{E805908B-E76B-4A2C-8245-ADE0A8DD18AB}"
EndProject
Project("{9A19103F-16F7-4668-BE54-9A1E7A4F7556}") = "整数位数", "整数位数\整数位数.csproj", "{C59DD3AC-2751-4444-845A-2A835B922FC3}"
EndProject
Project("{9A19103F-16F7-4668-BE54-9A1E7A4F7556}") = "最次方数", "最次方数\最次方数.csproj", "{0FCC7889-20DE-4E04-A569-D90DEB9F2AE8}"
EndProject
Project("{9A19103F-16F7-4668-BE54-9A1E7A4F7556}") = "五猴分桃", "五猴分桃\五猴分桃.csproj", "{5E40445C-8C49-4741-A020-4623205309C7}"
EndProject
Project("{9A19103F-16F7-4668-BE54-9A1E7A4F7556}") = "幸运数字", "幸运数字\幸运数字.csproj", "{D82D75ED-7988-4795-BC5F-897520BFC016}"
EndProject
Project("{9A19103F-16F7-4668-BE54-9A1E7A4F7556}") = "水仙花", "水仙花\水仙花.csproj", "{95F270DF-6603-47BC-A487-924C420E122A}"
EndProject
Project("{9A19103F-16F7-4668-BE54-9A1E7A4F7556}") = "求建筑高度", "求建筑高度\求建筑高度.csproj", "{E9640058-49F9-4F56-9C7C-1E57EEDD03F3}"
EndProject
Project("{9A19103F-16F7-4668-BE54-9A1E7A4F7556}") = "完全数-方法", "完全数-方法\完全数-方法.csproj", "{5ADCEDE6-83CA-4C4F-9C7D-722754E1B02B}"
EndProject
Project("{9A19103F-16F7-4668-BE54-9A1E7A4F7556}") = "多边形面积计算", "多边形面积计算\多边形面积计算.csproj", "{C3FF2C65-7A2E-4392-B0D7-BF562DCB00B2}"
EndProject
Project("{9A19103F-16F7-4668-BE54-9A1E7A4F7556}") = "阶乘-方法", "阶乘-方法\阶乘-方法.csproj", "{AA90407D-E0A5-4C99-AAFB-1EBE6F6EBB7F}"
EndProject
Project("{9A19103F-16F7-4668-BE54-9A1E7A4F7556}") = "最大公约数和最小公倍数", "最大公约数和最小公倍数\最大公约数和最小公倍数.csproj", "{1E8FA162-DA0C-4D65-83EB-64CB1DEEC733}"
EndProject
Project("{9A19103F-16F7-4668-BE54-9A1E7A4F7556}") = "分馒头", "分馒头\分馒头.csproj", "{F2FE9EE9-5745-4D82-A1BE-2530C63B05A9}"
EndProject
Project("{9A19103F-16F7-4668-BE54-9A1E7A4F7556}") = "求数列之和", "求数列之和\求数列之和.csproj", "{0996BBD4-6607-4F7E-ADDE-8CA0B5FEB3C4}"
EndProject
Project("{9A19103F-16F7-4668-BE54-9A1E7A4F7556}") = "发车问题", "发车问题\发车问题.csproj", "{C664C1E8-84F7-4205-94CB-EAB8E3D6EEA0}"
EndProject
Project("{9A19103F-16F7-4668-BE54-9A1E7A4F7556}") = "画圆", "画圆\画圆.csproj", "{F5188A7C-041D-4960-B037-5A92D0C20226}"
EndProject
Project("{9A19103F-16F7-4668-BE54-9A1E7A4F7556}") = "产生随机数", "产生随机数\产生随机数.csproj", "{3E68E99C-71FB-4071-A286-3C0EDA846DD1}"
EndProject
Project("{9A19103F-16F7-4668-BE54-9A1E7A4F7556}") = "最大公约数最大公倍数-窗体", "最大公约数最大公倍数-窗体\最大公约数最大公倍数-窗体.csproj", "{39760C7F-B2B1-4652-9B2E-E83636C4DE5B}"
EndProject
Project("{9A19103F-16F7-4668-BE54-9A1E7A4F7556}") = "身份证判别", "身份证判别\身份证判别.csproj", "{196DAB06-724F-4242-97E6-C435F9271962}"
EndProject
Project("{9A19103F-16F7-4668-BE54-9A1E7A4F7556}") = "奇偶数判定", "奇偶数判定\奇偶数判定.csproj", "{B7CD9F73-9214-433F-B2E7-C105E0B066A8}"
EndProject
Project("{9A19103F-16F7-4668-BE54-9A1E7A4F7556}") = "购买火车票", "购买火车票\购买火车票.csproj", "{C2249C7A-F1A1-4A88-84A8-E6413BA52EB0}"
EndProject
Project("{9A19103F-16F7-4668-BE54-9A1E7A4F7556}") = "test", "test\test.csproj", "{48E133C3-0102-4C02-B4CB-F8A066567E73}"
EndProject
Project("{9A19103F-16F7-4668-BE54-9A1E7A4F7556}") = "二进制读写", "二进制读写\二进制读写.csproj", "{CEE1B94C-A19C-472C-A882-C7B46A2237CE}"
EndProject
Project("{9A19103F-16F7-4668-BE54-9A1E7A4F7556}") = "一个简单类的示例", "一个简单类的示例\一个简单类的示例.csproj", "{49C227B5-B239-4544-B2E5-E9EBBB28CC91}"
EndProject
Project("{9A19103F-16F7-4668-BE54-9A1E7A4F7556}") = "存款计算器", "存款计算器\存款计算器.csproj", "{1158DFF7-1F7E-4854-9D88-141AF9DFA003}"
EndProject
Project("{9A19103F-16F7-4668-BE54-9A1E7A4F7556}") = "成绩统计", "成绩统计\成绩统计.csproj", "{E5A2A3BD-B081-40BD-A99B-1C481DB5185F}"
EndProject
Project("{9A19103F-16F7-4668-BE54-9A1E7A4F7556}") = "成绩排序", "成绩排序\成绩排序.csproj", "{92E2AAF1-CA23-4BA9-A0D5-9B108844A418}"
EndProject
Project("{9A19103F-16F7-4668-BE54-9A1E7A4F7556}") = "静态构造函数", "静态构造函数\静态构造函数.csproj", "{AD1FD905-01F1-4D19-A026-A6A671FC76C8}"
EndProject
Project("{9A19103F-16F7-4668-BE54-9A1E7A4F7556}") = "公制和英制的转换", "公制和英制的转换\公制和英制的转换.csproj", "{89C8AB45-2174-4E14-9F78-8A32364E2B26}"
EndProject
Project("{9A19103F-16F7-4668-BE54-9A1E7A4F7556}") = "私有构造函数与公有构造函数", "私有构造函数与公有构造函数\私有构造函数与公有构造函数.csproj", "{3E006426-B971-44EC-A217-90E6EF79D9D6}"
EndProject
Project("{9A19103F-16F7-4668-BE54-9A1E7A4F7556}") = "保护型构造函数", "保护型构造函数\保护型构造函数.csproj", "{18AAFC32-6568-43D3-BF89-330FE5C67F2F}"
EndProject
Project("{9A19103F-16F7-4668-BE54-9A1E7A4F7556}") = "构造函数的重载", "构造函数的重载\构造函数的重载.csproj", "{1EAB950D-C7A2-4C65-B671-B26D28716A00}"
EndProject
Project("{9A19103F-16F7-4668-BE54-9A1E7A4F7556}") = "拷贝构造函数", "拷贝构造函数\拷贝构造函数.csproj", "{8A93BF4F-46E8-44CE-9152-DF6E94A28ED2}"
EndProject
Project("{9A19103F-16F7-4668-BE54-9A1E7A4F7556}") = "枚举类型", "枚举类型\枚举类型.csproj", "{C9957DA6-A7E1-4A72-A041-1FC915250C9E}"
EndProject
Project("{9A19103F-16F7-4668-BE54-9A1E7A4F7556}") = "面向对象例子", "面向对象例子\面向对象例子.csproj", "{EFC8E312-C98D-46B7-B51C-596108341B6C}"
EndProject
Project("{9A19103F-16F7-4668-BE54-9A1E7A4F7556}") = "析构方法", "析构方法\析构方法.csproj", "{4E489A89-C3ED-43CE-9240-97BCB95F3290}"
EndProject
Project("{9A19103F-16F7-4668-BE54-9A1E7A4F7556}") = "可空变量", "可空变量\可空变量.csproj", "{87F34F84-CE4F-4BB9-A54D-5FD161365583}"
EndProject
Project("{FAE04EC0-301F-11D3-BF4B-00C04F79EFBC}") = "输入输出", "输入输出\输入输出.csproj", "{37E43795-A508-46D7-9516-456BC63718BE}"
EndProject
Project("{FAE04EC0-301F-11D3-BF4B-00C04F79EFBC}") = "Helloworld", "Helloworld\Helloworld.csproj", "{52B25F43-4809-47D8-B952-73E4176EF87F}"
EndProject
Project("{FAE04EC0-301F-11D3-BF4B-00C04F79EFBC}") = "Helloworld1", "Helloworld1\Helloworld1.csproj", "{4955CECB-D96D-420C-992C-533696A1E26A}"
EndProject
Project("{FAE04EC0-301F-11D3-BF4B-00C04F79EFBC}") = "类的定义", "类的定义\类的定义.csproj", "{0AFEB3A4-B0F4-4BA8-8EE4-77C7A24362B2}"
EndProject
Global
	GlobalSection(SolutionConfigurationPlatforms) = preSolution
		Debug|Any CPU = Debug|Any CPU
		Debug|x86 = Debug|x86
		Release|Any CPU = Release|Any CPU
		Release|x86 = Release|x86
	EndGlobalSection
	GlobalSection(ProjectConfigurationPlatforms) = postSolution
		{AF52ACDB-D46E-47B5-A95A-918605196444}.Debug|Any CPU.ActiveCfg = Debug|Any CPU
		{AF52ACDB-D46E-47B5-A95A-918605196444}.Debug|Any CPU.Build.0 = Debug|Any CPU
		{AF52ACDB-D46E-47B5-A95A-918605196444}.Debug|x86.ActiveCfg = Debug|Any CPU
		{AF52ACDB-D46E-47B5-A95A-918605196444}.Debug|x86.Build.0 = Debug|Any CPU
		{AF52ACDB-D46E-47B5-A95A-918605196444}.Release|Any CPU.ActiveCfg = Release|Any CPU
		{AF52ACDB-D46E-47B5-A95A-918605196444}.Release|Any CPU.Build.0 = Release|Any CPU
		{AF52ACDB-D46E-47B5-A95A-918605196444}.Release|x86.ActiveCfg = Release|Any CPU
		{AF52ACDB-D46E-47B5-A95A-918605196444}.Release|x86.Build.0 = Release|Any CPU
		{2FCA6F41-AC5D-4FE7-B289-1CB77E79CF3F}.Debug|Any CPU.ActiveCfg = Debug|Any CPU
		{2FCA6F41-AC5D-4FE7-B289-1CB77E79CF3F}.Debug|Any CPU.Build.0 = Debug|Any CPU
		{2FCA6F41-AC5D-4FE7-B289-1CB77E79CF3F}.Debug|x86.ActiveCfg = Debug|Any CPU
		{2FCA6F41-AC5D-4FE7-B289-1CB77E79CF3F}.Debug|x86.Build.0 = Debug|Any CPU
		{2FCA6F41-AC5D-4FE7-B289-1CB77E79CF3F}.Release|Any CPU.ActiveCfg = Release|Any CPU
		{2FCA6F41-AC5D-4FE7-B289-1CB77E79CF3F}.Release|Any CPU.Build.0 = Release|Any CPU
		{2FCA6F41-AC5D-4FE7-B289-1CB77E79CF3F}.Release|x86.ActiveCfg = Release|Any CPU
		{2FCA6F41-AC5D-4FE7-B289-1CB77E79CF3F}.Release|x86.Build.0 = Release|Any CPU
		{B9EFA58B-303F-491A-ACBB-79EBECF9CB53}.Debug|Any CPU.ActiveCfg = Debug|Any CPU
		{B9EFA58B-303F-491A-ACBB-79EBECF9CB53}.Debug|Any CPU.Build.0 = Debug|Any CPU
		{B9EFA58B-303F-491A-ACBB-79EBECF9CB53}.Debug|x86.ActiveCfg = Debug|Any CPU
		{B9EFA58B-303F-491A-ACBB-79EBECF9CB53}.Debug|x86.Build.0 = Debug|Any CPU
		{B9EFA58B-303F-491A-ACBB-79EBECF9CB53}.Release|Any CPU.ActiveCfg = Release|Any CPU
		{B9EFA58B-303F-491A-ACBB-79EBECF9CB53}.Release|Any CPU.Build.0 = Release|Any CPU
		{B9EFA58B-303F-491A-ACBB-79EBECF9CB53}.Release|x86.ActiveCfg = Release|Any CPU
		{B9EFA58B-303F-491A-ACBB-79EBECF9CB53}.Release|x86.Build.0 = Release|Any CPU
		{B7C13224-2D09-4266-A30F-E507191DEDDF}.Debug|Any CPU.ActiveCfg = Debug|Any CPU
		{B7C13224-2D09-4266-A30F-E507191DEDDF}.Debug|Any CPU.Build.0 = Debug|Any CPU
		{B7C13224-2D09-4266-A30F-E507191DEDDF}.Debug|x86.ActiveCfg = Debug|Any CPU
		{B7C13224-2D09-4266-A30F-E507191DEDDF}.Debug|x86.Build.0 = Debug|Any CPU
		{B7C13224-2D09-4266-A30F-E507191DEDDF}.Release|Any CPU.ActiveCfg = Release|Any CPU
		{B7C13224-2D09-4266-A30F-E507191DEDDF}.Release|Any CPU.Build.0 = Release|Any CPU
		{B7C13224-2D09-4266-A30F-E507191DEDDF}.Release|x86.ActiveCfg = Release|Any CPU
		{B7C13224-2D09-4266-A30F-E507191DEDDF}.Release|x86.Build.0 = Release|Any CPU
		{8F8AFA6E-5E6A-4A19-A9C5-D9816288A546}.Debug|Any CPU.ActiveCfg = Debug|Any CPU
		{8F8AFA6E-5E6A-4A19-A9C5-D9816288A546}.Debug|Any CPU.Build.0 = Debug|Any CPU
		{8F8AFA6E-5E6A-4A19-A9C5-D9816288A546}.Debug|x86.ActiveCfg = Debug|Any CPU
		{8F8AFA6E-5E6A-4A19-A9C5-D9816288A546}.Debug|x86.Build.0 = Debug|Any CPU
		{8F8AFA6E-5E6A-4A19-A9C5-D9816288A546}.Release|Any CPU.ActiveCfg = Release|Any CPU
		{8F8AFA6E-5E6A-4A19-A9C5-D9816288A546}.Release|Any CPU.Build.0 = Release|Any CPU
		{8F8AFA6E-5E6A-4A19-A9C5-D9816288A546}.Release|x86.ActiveCfg = Release|Any CPU
		{8F8AFA6E-5E6A-4A19-A9C5-D9816288A546}.Release|x86.Build.0 = Release|Any CPU
		{44F451B4-7811-4BF8-B00A-C17D2BC8FB19}.Debug|Any CPU.ActiveCfg = Debug|Any CPU
		{44F451B4-7811-4BF8-B00A-C17D2BC8FB19}.Debug|Any CPU.Build.0 = Debug|Any CPU
		{44F451B4-7811-4BF8-B00A-C17D2BC8FB19}.Debug|x86.ActiveCfg = Debug|Any CPU
		{44F451B4-7811-4BF8-B00A-C17D2BC8FB19}.Debug|x86.Build.0 = Debug|Any CPU
		{44F451B4-7811-4BF8-B00A-C17D2BC8FB19}.Release|Any CPU.ActiveCfg = Release|Any CPU
		{44F451B4-7811-4BF8-B00A-C17D2BC8FB19}.Release|Any CPU.Build.0 = Release|Any CPU
		{44F451B4-7811-4BF8-B00A-C17D2BC8FB19}.Release|x86.ActiveCfg = Release|Any CPU
		{44F451B4-7811-4BF8-B00A-C17D2BC8FB19}.Release|x86.Build.0 = Release|Any CPU
		{4E6C106C-AF61-417E-8D2E-555B0E80E617}.Debug|Any CPU.ActiveCfg = Debug|Any CPU
		{4E6C106C-AF61-417E-8D2E-555B0E80E617}.Debug|Any CPU.Build.0 = Debug|Any CPU
		{4E6C106C-AF61-417E-8D2E-555B0E80E617}.Debug|x86.ActiveCfg = Debug|Any CPU
		{4E6C106C-AF61-417E-8D2E-555B0E80E617}.Debug|x86.Build.0 = Debug|Any CPU
		{4E6C106C-AF61-417E-8D2E-555B0E80E617}.Release|Any CPU.ActiveCfg = Release|Any CPU
		{4E6C106C-AF61-417E-8D2E-555B0E80E617}.Release|Any CPU.Build.0 = Release|Any CPU
		{4E6C106C-AF61-417E-8D2E-555B0E80E617}.Release|x86.ActiveCfg = Release|Any CPU
		{4E6C106C-AF61-417E-8D2E-555B0E80E617}.Release|x86.Build.0 = Release|Any CPU
		{0447C3DB-BEA1-45AE-A6AC-B5C9D2F65924}.Debug|Any CPU.ActiveCfg = Debug|Any CPU
		{0447C3DB-BEA1-45AE-A6AC-B5C9D2F65924}.Debug|Any CPU.Build.0 = Debug|Any CPU
		{0447C3DB-BEA1-45AE-A6AC-B5C9D2F65924}.Debug|x86.ActiveCfg = Debug|Any CPU
		{0447C3DB-BEA1-45AE-A6AC-B5C9D2F65924}.Debug|x86.Build.0 = Debug|Any CPU
		{0447C3DB-BEA1-45AE-A6AC-B5C9D2F65924}.Release|Any CPU.ActiveCfg = Release|Any CPU
		{0447C3DB-BEA1-45AE-A6AC-B5C9D2F65924}.Release|Any CPU.Build.0 = Release|Any CPU
		{0447C3DB-BEA1-45AE-A6AC-B5C9D2F65924}.Release|x86.ActiveCfg = Release|Any CPU
		{0447C3DB-BEA1-45AE-A6AC-B5C9D2F65924}.Release|x86.Build.0 = Release|Any CPU
		{30358B57-E41F-4587-AE72-887FB54572BC}.Debug|Any CPU.ActiveCfg = Debug|Any CPU
		{30358B57-E41F-4587-AE72-887FB54572BC}.Debug|Any CPU.Build.0 = Debug|Any CPU
		{30358B57-E41F-4587-AE72-887FB54572BC}.Debug|x86.ActiveCfg = Debug|Any CPU
		{30358B57-E41F-4587-AE72-887FB54572BC}.Debug|x86.Build.0 = Debug|Any CPU
		{30358B57-E41F-4587-AE72-887FB54572BC}.Release|Any CPU.ActiveCfg = Release|Any CPU
		{30358B57-E41F-4587-AE72-887FB54572BC}.Release|Any CPU.Build.0 = Release|Any CPU
		{30358B57-E41F-4587-AE72-887FB54572BC}.Release|x86.ActiveCfg = Release|Any CPU
		{30358B57-E41F-4587-AE72-887FB54572BC}.Release|x86.Build.0 = Release|Any CPU
		{A36E2A54-6005-4C30-ACE3-9BA631951D8D}.Debug|Any CPU.ActiveCfg = Debug|Any CPU
		{A36E2A54-6005-4C30-ACE3-9BA631951D8D}.Debug|Any CPU.Build.0 = Debug|Any CPU
		{A36E2A54-6005-4C30-ACE3-9BA631951D8D}.Debug|x86.ActiveCfg = Debug|Any CPU
		{A36E2A54-6005-4C30-ACE3-9BA631951D8D}.Debug|x86.Build.0 = Debug|Any CPU
		{A36E2A54-6005-4C30-ACE3-9BA631951D8D}.Release|Any CPU.ActiveCfg = Release|Any CPU
		{A36E2A54-6005-4C30-ACE3-9BA631951D8D}.Release|Any CPU.Build.0 = Release|Any CPU
		{A36E2A54-6005-4C30-ACE3-9BA631951D8D}.Release|x86.ActiveCfg = Release|Any CPU
		{A36E2A54-6005-4C30-ACE3-9BA631951D8D}.Release|x86.Build.0 = Release|Any CPU
		{D53EC696-74B4-4DE3-9FF4-F94BB93030BC}.Debug|Any CPU.ActiveCfg = Debug|Any CPU
		{D53EC696-74B4-4DE3-9FF4-F94BB93030BC}.Debug|Any CPU.Build.0 = Debug|Any CPU
		{D53EC696-74B4-4DE3-9FF4-F94BB93030BC}.Debug|x86.ActiveCfg = Debug|Any CPU
		{D53EC696-74B4-4DE3-9FF4-F94BB93030BC}.Debug|x86.Build.0 = Debug|Any CPU
		{D53EC696-74B4-4DE3-9FF4-F94BB93030BC}.Release|Any CPU.ActiveCfg = Release|Any CPU
		{D53EC696-74B4-4DE3-9FF4-F94BB93030BC}.Release|Any CPU.Build.0 = Release|Any CPU
		{D53EC696-74B4-4DE3-9FF4-F94BB93030BC}.Release|x86.ActiveCfg = Release|Any CPU
		{D53EC696-74B4-4DE3-9FF4-F94BB93030BC}.Release|x86.Build.0 = Release|Any CPU
		{C54E066F-A661-4A8F-9181-D62EC5FC224D}.Debug|Any CPU.ActiveCfg = Debug|Any CPU
		{C54E066F-A661-4A8F-9181-D62EC5FC224D}.Debug|Any CPU.Build.0 = Debug|Any CPU
		{C54E066F-A661-4A8F-9181-D62EC5FC224D}.Debug|x86.ActiveCfg = Debug|Any CPU
		{C54E066F-A661-4A8F-9181-D62EC5FC224D}.Debug|x86.Build.0 = Debug|Any CPU
		{C54E066F-A661-4A8F-9181-D62EC5FC224D}.Release|Any CPU.ActiveCfg = Release|Any CPU
		{C54E066F-A661-4A8F-9181-D62EC5FC224D}.Release|Any CPU.Build.0 = Release|Any CPU
		{C54E066F-A661-4A8F-9181-D62EC5FC224D}.Release|x86.ActiveCfg = Release|Any CPU
		{C54E066F-A661-4A8F-9181-D62EC5FC224D}.Release|x86.Build.0 = Release|Any CPU
		{48E0C82A-D579-4C91-AF41-2BD045092202}.Debug|Any CPU.ActiveCfg = Debug|Any CPU
		{48E0C82A-D579-4C91-AF41-2BD045092202}.Debug|Any CPU.Build.0 = Debug|Any CPU
		{48E0C82A-D579-4C91-AF41-2BD045092202}.Debug|x86.ActiveCfg = Debug|Any CPU
		{48E0C82A-D579-4C91-AF41-2BD045092202}.Debug|x86.Build.0 = Debug|Any CPU
		{48E0C82A-D579-4C91-AF41-2BD045092202}.Release|Any CPU.ActiveCfg = Release|Any CPU
		{48E0C82A-D579-4C91-AF41-2BD045092202}.Release|Any CPU.Build.0 = Release|Any CPU
		{48E0C82A-D579-4C91-AF41-2BD045092202}.Release|x86.ActiveCfg = Release|Any CPU
		{48E0C82A-D579-4C91-AF41-2BD045092202}.Release|x86.Build.0 = Release|Any CPU
		{9CBC10E9-9155-4D42-A28E-FFB65B7823E9}.Debug|Any CPU.ActiveCfg = Debug|Any CPU
		{9CBC10E9-9155-4D42-A28E-FFB65B7823E9}.Debug|Any CPU.Build.0 = Debug|Any CPU
		{9CBC10E9-9155-4D42-A28E-FFB65B7823E9}.Debug|x86.ActiveCfg = Debug|Any CPU
		{9CBC10E9-9155-4D42-A28E-FFB65B7823E9}.Debug|x86.Build.0 = Debug|Any CPU
		{9CBC10E9-9155-4D42-A28E-FFB65B7823E9}.Release|Any CPU.ActiveCfg = Release|Any CPU
		{9CBC10E9-9155-4D42-A28E-FFB65B7823E9}.Release|Any CPU.Build.0 = Release|Any CPU
		{9CBC10E9-9155-4D42-A28E-FFB65B7823E9}.Release|x86.ActiveCfg = Release|Any CPU
		{9CBC10E9-9155-4D42-A28E-FFB65B7823E9}.Release|x86.Build.0 = Release|Any CPU
		{08D67509-AD95-4A74-A22F-59F4E6AA30B5}.Debug|Any CPU.ActiveCfg = Debug|Any CPU
		{08D67509-AD95-4A74-A22F-59F4E6AA30B5}.Debug|Any CPU.Build.0 = Debug|Any CPU
		{08D67509-AD95-4A74-A22F-59F4E6AA30B5}.Debug|x86.ActiveCfg = Debug|Any CPU
		{08D67509-AD95-4A74-A22F-59F4E6AA30B5}.Debug|x86.Build.0 = Debug|Any CPU
		{08D67509-AD95-4A74-A22F-59F4E6AA30B5}.Release|Any CPU.ActiveCfg = Release|Any CPU
		{08D67509-AD95-4A74-A22F-59F4E6AA30B5}.Release|Any CPU.Build.0 = Release|Any CPU
		{08D67509-AD95-4A74-A22F-59F4E6AA30B5}.Release|x86.ActiveCfg = Release|Any CPU
		{08D67509-AD95-4A74-A22F-59F4E6AA30B5}.Release|x86.Build.0 = Release|Any CPU
		{DB428BA6-69D0-411C-93D6-C9CEB95038A3}.Debug|Any CPU.ActiveCfg = Debug|Any CPU
		{DB428BA6-69D0-411C-93D6-C9CEB95038A3}.Debug|Any CPU.Build.0 = Debug|Any CPU
		{DB428BA6-69D0-411C-93D6-C9CEB95038A3}.Debug|x86.ActiveCfg = Debug|Any CPU
		{DB428BA6-69D0-411C-93D6-C9CEB95038A3}.Debug|x86.Build.0 = Debug|Any CPU
		{DB428BA6-69D0-411C-93D6-C9CEB95038A3}.Release|Any CPU.ActiveCfg = Release|Any CPU
		{DB428BA6-69D0-411C-93D6-C9CEB95038A3}.Release|Any CPU.Build.0 = Release|Any CPU
		{DB428BA6-69D0-411C-93D6-C9CEB95038A3}.Release|x86.ActiveCfg = Release|Any CPU
		{DB428BA6-69D0-411C-93D6-C9CEB95038A3}.Release|x86.Build.0 = Release|Any CPU
		{9DDD0541-7BD3-4783-A562-14DA5471D722}.Debug|Any CPU.ActiveCfg = Debug|Any CPU
		{9DDD0541-7BD3-4783-A562-14DA5471D722}.Debug|Any CPU.Build.0 = Debug|Any CPU
		{9DDD0541-7BD3-4783-A562-14DA5471D722}.Debug|x86.ActiveCfg = Debug|Any CPU
		{9DDD0541-7BD3-4783-A562-14DA5471D722}.Debug|x86.Build.0 = Debug|Any CPU
		{9DDD0541-7BD3-4783-A562-14DA5471D722}.Release|Any CPU.ActiveCfg = Release|Any CPU
		{9DDD0541-7BD3-4783-A562-14DA5471D722}.Release|Any CPU.Build.0 = Release|Any CPU
		{9DDD0541-7BD3-4783-A562-14DA5471D722}.Release|x86.ActiveCfg = Release|Any CPU
		{9DDD0541-7BD3-4783-A562-14DA5471D722}.Release|x86.Build.0 = Release|Any CPU
		{64B599FB-E3A8-47B8-BAC3-7F99C572F6C6}.Debug|Any CPU.ActiveCfg = Debug|Any CPU
		{64B599FB-E3A8-47B8-BAC3-7F99C572F6C6}.Debug|Any CPU.Build.0 = Debug|Any CPU
		{64B599FB-E3A8-47B8-BAC3-7F99C572F6C6}.Debug|x86.ActiveCfg = Debug|Any CPU
		{64B599FB-E3A8-47B8-BAC3-7F99C572F6C6}.Debug|x86.Build.0 = Debug|Any CPU
		{64B599FB-E3A8-47B8-BAC3-7F99C572F6C6}.Release|Any CPU.ActiveCfg = Release|Any CPU
		{64B599FB-E3A8-47B8-BAC3-7F99C572F6C6}.Release|Any CPU.Build.0 = Release|Any CPU
		{64B599FB-E3A8-47B8-BAC3-7F99C572F6C6}.Release|x86.ActiveCfg = Release|Any CPU
		{64B599FB-E3A8-47B8-BAC3-7F99C572F6C6}.Release|x86.Build.0 = Release|Any CPU
		{C7EBDD32-9FA1-4B6C-9C8E-E8D4DBA8680A}.Debug|Any CPU.ActiveCfg = Debug|Any CPU
		{C7EBDD32-9FA1-4B6C-9C8E-E8D4DBA8680A}.Debug|Any CPU.Build.0 = Debug|Any CPU
		{C7EBDD32-9FA1-4B6C-9C8E-E8D4DBA8680A}.Debug|x86.ActiveCfg = Debug|Any CPU
		{C7EBDD32-9FA1-4B6C-9C8E-E8D4DBA8680A}.Debug|x86.Build.0 = Debug|Any CPU
		{C7EBDD32-9FA1-4B6C-9C8E-E8D4DBA8680A}.Release|Any CPU.ActiveCfg = Release|Any CPU
		{C7EBDD32-9FA1-4B6C-9C8E-E8D4DBA8680A}.Release|Any CPU.Build.0 = Release|Any CPU
		{C7EBDD32-9FA1-4B6C-9C8E-E8D4DBA8680A}.Release|x86.ActiveCfg = Release|Any CPU
		{C7EBDD32-9FA1-4B6C-9C8E-E8D4DBA8680A}.Release|x86.Build.0 = Release|Any CPU
		{2E2B45A4-2190-4B01-950A-7CFB98ACE67E}.Debug|Any CPU.ActiveCfg = Debug|Any CPU
		{2E2B45A4-2190-4B01-950A-7CFB98ACE67E}.Debug|Any CPU.Build.0 = Debug|Any CPU
		{2E2B45A4-2190-4B01-950A-7CFB98ACE67E}.Debug|x86.ActiveCfg = Debug|Any CPU
		{2E2B45A4-2190-4B01-950A-7CFB98ACE67E}.Debug|x86.Build.0 = Debug|Any CPU
		{2E2B45A4-2190-4B01-950A-7CFB98ACE67E}.Release|Any CPU.ActiveCfg = Release|Any CPU
		{2E2B45A4-2190-4B01-950A-7CFB98ACE67E}.Release|Any CPU.Build.0 = Release|Any CPU
		{2E2B45A4-2190-4B01-950A-7CFB98ACE67E}.Release|x86.ActiveCfg = Release|Any CPU
		{2E2B45A4-2190-4B01-950A-7CFB98ACE67E}.Release|x86.Build.0 = Release|Any CPU
		{AAFC1E8A-0A33-4CBE-B3D8-8C13B8C07329}.Debug|Any CPU.ActiveCfg = Debug|Any CPU
		{AAFC1E8A-0A33-4CBE-B3D8-8C13B8C07329}.Debug|Any CPU.Build.0 = Debug|Any CPU
		{AAFC1E8A-0A33-4CBE-B3D8-8C13B8C07329}.Debug|x86.ActiveCfg = Debug|Any CPU
		{AAFC1E8A-0A33-4CBE-B3D8-8C13B8C07329}.Debug|x86.Build.0 = Debug|Any CPU
		{AAFC1E8A-0A33-4CBE-B3D8-8C13B8C07329}.Release|Any CPU.ActiveCfg = Release|Any CPU
		{AAFC1E8A-0A33-4CBE-B3D8-8C13B8C07329}.Release|Any CPU.Build.0 = Release|Any CPU
		{AAFC1E8A-0A33-4CBE-B3D8-8C13B8C07329}.Release|x86.ActiveCfg = Release|Any CPU
		{AAFC1E8A-0A33-4CBE-B3D8-8C13B8C07329}.Release|x86.Build.0 = Release|Any CPU
		{0B703515-ABB6-4C45-9839-CAB7387E4BE1}.Debug|Any CPU.ActiveCfg = Debug|Any CPU
		{0B703515-ABB6-4C45-9839-CAB7387E4BE1}.Debug|Any CPU.Build.0 = Debug|Any CPU
		{0B703515-ABB6-4C45-9839-CAB7387E4BE1}.Debug|x86.ActiveCfg = Debug|Any CPU
		{0B703515-ABB6-4C45-9839-CAB7387E4BE1}.Debug|x86.Build.0 = Debug|Any CPU
		{0B703515-ABB6-4C45-9839-CAB7387E4BE1}.Release|Any CPU.ActiveCfg = Release|Any CPU
		{0B703515-ABB6-4C45-9839-CAB7387E4BE1}.Release|Any CPU.Build.0 = Release|Any CPU
		{0B703515-ABB6-4C45-9839-CAB7387E4BE1}.Release|x86.ActiveCfg = Release|Any CPU
		{0B703515-ABB6-4C45-9839-CAB7387E4BE1}.Release|x86.Build.0 = Release|Any CPU
		{AAC42BAB-7181-4E7A-B7AA-C664CEA51561}.Debug|Any CPU.ActiveCfg = Debug|Any CPU
		{AAC42BAB-7181-4E7A-B7AA-C664CEA51561}.Debug|Any CPU.Build.0 = Debug|Any CPU
		{AAC42BAB-7181-4E7A-B7AA-C664CEA51561}.Debug|x86.ActiveCfg = Debug|Any CPU
		{AAC42BAB-7181-4E7A-B7AA-C664CEA51561}.Debug|x86.Build.0 = Debug|Any CPU
		{AAC42BAB-7181-4E7A-B7AA-C664CEA51561}.Release|Any CPU.ActiveCfg = Release|Any CPU
		{AAC42BAB-7181-4E7A-B7AA-C664CEA51561}.Release|Any CPU.Build.0 = Release|Any CPU
		{AAC42BAB-7181-4E7A-B7AA-C664CEA51561}.Release|x86.ActiveCfg = Release|Any CPU
		{AAC42BAB-7181-4E7A-B7AA-C664CEA51561}.Release|x86.Build.0 = Release|Any CPU
		{0F386156-E6EA-435A-A0ED-7A18A3ABAC40}.Debug|Any CPU.ActiveCfg = Debug|Any CPU
		{0F386156-E6EA-435A-A0ED-7A18A3ABAC40}.Debug|Any CPU.Build.0 = Debug|Any CPU
		{0F386156-E6EA-435A-A0ED-7A18A3ABAC40}.Debug|x86.ActiveCfg = Debug|Any CPU
		{0F386156-E6EA-435A-A0ED-7A18A3ABAC40}.Debug|x86.Build.0 = Debug|Any CPU
		{0F386156-E6EA-435A-A0ED-7A18A3ABAC40}.Release|Any CPU.ActiveCfg = Release|Any CPU
		{0F386156-E6EA-435A-A0ED-7A18A3ABAC40}.Release|Any CPU.Build.0 = Release|Any CPU
		{0F386156-E6EA-435A-A0ED-7A18A3ABAC40}.Release|x86.ActiveCfg = Release|Any CPU
		{0F386156-E6EA-435A-A0ED-7A18A3ABAC40}.Release|x86.Build.0 = Release|Any CPU
		{6339185F-0E75-4705-8EB2-7317F6692471}.Debug|Any CPU.ActiveCfg = Debug|Any CPU
		{6339185F-0E75-4705-8EB2-7317F6692471}.Debug|Any CPU.Build.0 = Debug|Any CPU
		{6339185F-0E75-4705-8EB2-7317F6692471}.Debug|x86.ActiveCfg = Debug|Any CPU
		{6339185F-0E75-4705-8EB2-7317F6692471}.Debug|x86.Build.0 = Debug|Any CPU
		{6339185F-0E75-4705-8EB2-7317F6692471}.Release|Any CPU.ActiveCfg = Release|Any CPU
		{6339185F-0E75-4705-8EB2-7317F6692471}.Release|Any CPU.Build.0 = Release|Any CPU
		{6339185F-0E75-4705-8EB2-7317F6692471}.Release|x86.ActiveCfg = Release|Any CPU
		{6339185F-0E75-4705-8EB2-7317F6692471}.Release|x86.Build.0 = Release|Any CPU
		{D6A44EDF-FD30-43EB-817F-9F714BE0EB67}.Debug|Any CPU.ActiveCfg = Debug|Any CPU
		{D6A44EDF-FD30-43EB-817F-9F714BE0EB67}.Debug|Any CPU.Build.0 = Debug|Any CPU
		{D6A44EDF-FD30-43EB-817F-9F714BE0EB67}.Debug|x86.ActiveCfg = Debug|Any CPU
		{D6A44EDF-FD30-43EB-817F-9F714BE0EB67}.Debug|x86.Build.0 = Debug|Any CPU
		{D6A44EDF-FD30-43EB-817F-9F714BE0EB67}.Release|Any CPU.ActiveCfg = Release|Any CPU
		{D6A44EDF-FD30-43EB-817F-9F714BE0EB67}.Release|Any CPU.Build.0 = Release|Any CPU
		{D6A44EDF-FD30-43EB-817F-9F714BE0EB67}.Release|x86.ActiveCfg = Release|Any CPU
		{D6A44EDF-FD30-43EB-817F-9F714BE0EB67}.Release|x86.Build.0 = Release|Any CPU
		{6A9BE46B-D825-4D33-A43C-A08426E8D2D9}.Debug|Any CPU.ActiveCfg = Debug|x86
		{6A9BE46B-D825-4D33-A43C-A08426E8D2D9}.Debug|Any CPU.Build.0 = Debug|x86
		{6A9BE46B-D825-4D33-A43C-A08426E8D2D9}.Debug|x86.ActiveCfg = Debug|x86
		{6A9BE46B-D825-4D33-A43C-A08426E8D2D9}.Debug|x86.Build.0 = Debug|x86
		{6A9BE46B-D825-4D33-A43C-A08426E8D2D9}.Release|Any CPU.ActiveCfg = Release|x86
		{6A9BE46B-D825-4D33-A43C-A08426E8D2D9}.Release|Any CPU.Build.0 = Release|x86
		{6A9BE46B-D825-4D33-A43C-A08426E8D2D9}.Release|x86.ActiveCfg = Release|x86
		{6A9BE46B-D825-4D33-A43C-A08426E8D2D9}.Release|x86.Build.0 = Release|x86
		{AAC00B75-A080-4C77-924B-826DDF5AB4CF}.Debug|Any CPU.ActiveCfg = Debug|x86
		{AAC00B75-A080-4C77-924B-826DDF5AB4CF}.Debug|Any CPU.Build.0 = Debug|x86
		{AAC00B75-A080-4C77-924B-826DDF5AB4CF}.Debug|x86.ActiveCfg = Debug|x86
		{AAC00B75-A080-4C77-924B-826DDF5AB4CF}.Debug|x86.Build.0 = Debug|x86
		{AAC00B75-A080-4C77-924B-826DDF5AB4CF}.Release|Any CPU.ActiveCfg = Release|x86
		{AAC00B75-A080-4C77-924B-826DDF5AB4CF}.Release|Any CPU.Build.0 = Release|x86
		{AAC00B75-A080-4C77-924B-826DDF5AB4CF}.Release|x86.ActiveCfg = Release|x86
		{AAC00B75-A080-4C77-924B-826DDF5AB4CF}.Release|x86.Build.0 = Release|x86
		{8003DEAA-3457-45F4-9405-2DE74B5298B8}.Debug|Any CPU.ActiveCfg = Debug|x86
		{8003DEAA-3457-45F4-9405-2DE74B5298B8}.Debug|Any CPU.Build.0 = Debug|x86
		{8003DEAA-3457-45F4-9405-2DE74B5298B8}.Debug|x86.ActiveCfg = Debug|x86
		{8003DEAA-3457-45F4-9405-2DE74B5298B8}.Debug|x86.Build.0 = Debug|x86
		{8003DEAA-3457-45F4-9405-2DE74B5298B8}.Release|Any CPU.ActiveCfg = Release|x86
		{8003DEAA-3457-45F4-9405-2DE74B5298B8}.Release|Any CPU.Build.0 = Release|x86
		{8003DEAA-3457-45F4-9405-2DE74B5298B8}.Release|x86.ActiveCfg = Release|x86
		{8003DEAA-3457-45F4-9405-2DE74B5298B8}.Release|x86.Build.0 = Release|x86
		{332FD1AC-869D-40B1-8477-EEF0DE280282}.Debug|Any CPU.ActiveCfg = Debug|x86
		{332FD1AC-869D-40B1-8477-EEF0DE280282}.Debug|Any CPU.Build.0 = Debug|x86
		{332FD1AC-869D-40B1-8477-EEF0DE280282}.Debug|x86.ActiveCfg = Debug|x86
		{332FD1AC-869D-40B1-8477-EEF0DE280282}.Debug|x86.Build.0 = Debug|x86
		{332FD1AC-869D-40B1-8477-EEF0DE280282}.Release|Any CPU.ActiveCfg = Release|x86
		{332FD1AC-869D-40B1-8477-EEF0DE280282}.Release|Any CPU.Build.0 = Release|x86
		{332FD1AC-869D-40B1-8477-EEF0DE280282}.Release|x86.ActiveCfg = Release|x86
		{332FD1AC-869D-40B1-8477-EEF0DE280282}.Release|x86.Build.0 = Release|x86
		{EC6882F9-1BB4-46BD-8F67-D4994ACA6AD1}.Debug|Any CPU.ActiveCfg = Debug|Any CPU
		{EC6882F9-1BB4-46BD-8F67-D4994ACA6AD1}.Debug|Any CPU.Build.0 = Debug|Any CPU
		{EC6882F9-1BB4-46BD-8F67-D4994ACA6AD1}.Debug|x86.ActiveCfg = Debug|Any CPU
		{EC6882F9-1BB4-46BD-8F67-D4994ACA6AD1}.Debug|x86.Build.0 = Debug|Any CPU
		{EC6882F9-1BB4-46BD-8F67-D4994ACA6AD1}.Release|Any CPU.ActiveCfg = Release|Any CPU
		{EC6882F9-1BB4-46BD-8F67-D4994ACA6AD1}.Release|Any CPU.Build.0 = Release|Any CPU
		{EC6882F9-1BB4-46BD-8F67-D4994ACA6AD1}.Release|x86.ActiveCfg = Release|Any CPU
		{EC6882F9-1BB4-46BD-8F67-D4994ACA6AD1}.Release|x86.Build.0 = Release|Any CPU
		{9D6B1871-1F7A-427F-A79F-65060D84C0B5}.Debug|Any CPU.ActiveCfg = Debug|Any CPU
		{9D6B1871-1F7A-427F-A79F-65060D84C0B5}.Debug|Any CPU.Build.0 = Debug|Any CPU
		{9D6B1871-1F7A-427F-A79F-65060D84C0B5}.Debug|x86.ActiveCfg = Debug|Any CPU
		{9D6B1871-1F7A-427F-A79F-65060D84C0B5}.Debug|x86.Build.0 = Debug|Any CPU
		{9D6B1871-1F7A-427F-A79F-65060D84C0B5}.Release|Any CPU.ActiveCfg = Release|Any CPU
		{9D6B1871-1F7A-427F-A79F-65060D84C0B5}.Release|Any CPU.Build.0 = Release|Any CPU
		{9D6B1871-1F7A-427F-A79F-65060D84C0B5}.Release|x86.ActiveCfg = Release|Any CPU
		{9D6B1871-1F7A-427F-A79F-65060D84C0B5}.Release|x86.Build.0 = Release|Any CPU
		{9CD07D67-FF7E-4DD2-824D-0D08ECC4B751}.Debug|Any CPU.ActiveCfg = Debug|Any CPU
		{9CD07D67-FF7E-4DD2-824D-0D08ECC4B751}.Debug|Any CPU.Build.0 = Debug|Any CPU
		{9CD07D67-FF7E-4DD2-824D-0D08ECC4B751}.Debug|x86.ActiveCfg = Debug|Any CPU
		{9CD07D67-FF7E-4DD2-824D-0D08ECC4B751}.Debug|x86.Build.0 = Debug|Any CPU
		{9CD07D67-FF7E-4DD2-824D-0D08ECC4B751}.Release|Any CPU.ActiveCfg = Release|Any CPU
		{9CD07D67-FF7E-4DD2-824D-0D08ECC4B751}.Release|Any CPU.Build.0 = Release|Any CPU
		{9CD07D67-FF7E-4DD2-824D-0D08ECC4B751}.Release|x86.ActiveCfg = Release|Any CPU
		{9CD07D67-FF7E-4DD2-824D-0D08ECC4B751}.Release|x86.Build.0 = Release|Any CPU
		{17836433-58A6-4B82-8CAA-D65BEA55E3ED}.Debug|Any CPU.ActiveCfg = Debug|Any CPU
		{17836433-58A6-4B82-8CAA-D65BEA55E3ED}.Debug|Any CPU.Build.0 = Debug|Any CPU
		{17836433-58A6-4B82-8CAA-D65BEA55E3ED}.Debug|x86.ActiveCfg = Debug|Any CPU
		{17836433-58A6-4B82-8CAA-D65BEA55E3ED}.Debug|x86.Build.0 = Debug|Any CPU
		{17836433-58A6-4B82-8CAA-D65BEA55E3ED}.Release|Any CPU.ActiveCfg = Release|Any CPU
		{17836433-58A6-4B82-8CAA-D65BEA55E3ED}.Release|Any CPU.Build.0 = Release|Any CPU
		{17836433-58A6-4B82-8CAA-D65BEA55E3ED}.Release|x86.ActiveCfg = Release|Any CPU
		{17836433-58A6-4B82-8CAA-D65BEA55E3ED}.Release|x86.Build.0 = Release|Any CPU
		{AA257B6E-DBAA-427A-8F5C-D79DD09881B5}.Debug|Any CPU.ActiveCfg = Debug|Any CPU
		{AA257B6E-DBAA-427A-8F5C-D79DD09881B5}.Debug|Any CPU.Build.0 = Debug|Any CPU
		{AA257B6E-DBAA-427A-8F5C-D79DD09881B5}.Debug|x86.ActiveCfg = Debug|Any CPU
		{AA257B6E-DBAA-427A-8F5C-D79DD09881B5}.Debug|x86.Build.0 = Debug|Any CPU
		{AA257B6E-DBAA-427A-8F5C-D79DD09881B5}.Release|Any CPU.ActiveCfg = Release|Any CPU
		{AA257B6E-DBAA-427A-8F5C-D79DD09881B5}.Release|Any CPU.Build.0 = Release|Any CPU
		{AA257B6E-DBAA-427A-8F5C-D79DD09881B5}.Release|x86.ActiveCfg = Release|Any CPU
		{AA257B6E-DBAA-427A-8F5C-D79DD09881B5}.Release|x86.Build.0 = Release|Any CPU
		{D44A6D88-553B-4111-A8C0-05F1A4911F03}.Debug|Any CPU.ActiveCfg = Debug|Any CPU
		{D44A6D88-553B-4111-A8C0-05F1A4911F03}.Debug|Any CPU.Build.0 = Debug|Any CPU
		{D44A6D88-553B-4111-A8C0-05F1A4911F03}.Debug|x86.ActiveCfg = Debug|Any CPU
		{D44A6D88-553B-4111-A8C0-05F1A4911F03}.Debug|x86.Build.0 = Debug|Any CPU
		{D44A6D88-553B-4111-A8C0-05F1A4911F03}.Release|Any CPU.ActiveCfg = Release|Any CPU
		{D44A6D88-553B-4111-A8C0-05F1A4911F03}.Release|Any CPU.Build.0 = Release|Any CPU
		{D44A6D88-553B-4111-A8C0-05F1A4911F03}.Release|x86.ActiveCfg = Release|Any CPU
		{D44A6D88-553B-4111-A8C0-05F1A4911F03}.Release|x86.Build.0 = Release|Any CPU
		{4D69B73F-8C7C-4EB0-B101-836F3B42574D}.Debug|Any CPU.ActiveCfg = Debug|Any CPU
		{4D69B73F-8C7C-4EB0-B101-836F3B42574D}.Debug|Any CPU.Build.0 = Debug|Any CPU
		{4D69B73F-8C7C-4EB0-B101-836F3B42574D}.Debug|x86.ActiveCfg = Debug|Any CPU
		{4D69B73F-8C7C-4EB0-B101-836F3B42574D}.Debug|x86.Build.0 = Debug|Any CPU
		{4D69B73F-8C7C-4EB0-B101-836F3B42574D}.Release|Any CPU.ActiveCfg = Release|Any CPU
		{4D69B73F-8C7C-4EB0-B101-836F3B42574D}.Release|Any CPU.Build.0 = Release|Any CPU
		{4D69B73F-8C7C-4EB0-B101-836F3B42574D}.Release|x86.ActiveCfg = Release|Any CPU
		{4D69B73F-8C7C-4EB0-B101-836F3B42574D}.Release|x86.Build.0 = Release|Any CPU
		{BC23B672-654A-48C2-8DC6-2DF368BDCEC3}.Debug|Any CPU.ActiveCfg = Debug|Any CPU
		{BC23B672-654A-48C2-8DC6-2DF368BDCEC3}.Debug|Any CPU.Build.0 = Debug|Any CPU
		{BC23B672-654A-48C2-8DC6-2DF368BDCEC3}.Debug|x86.ActiveCfg = Debug|Any CPU
		{BC23B672-654A-48C2-8DC6-2DF368BDCEC3}.Debug|x86.Build.0 = Debug|Any CPU
		{BC23B672-654A-48C2-8DC6-2DF368BDCEC3}.Release|Any CPU.ActiveCfg = Release|Any CPU
		{BC23B672-654A-48C2-8DC6-2DF368BDCEC3}.Release|Any CPU.Build.0 = Release|Any CPU
		{BC23B672-654A-48C2-8DC6-2DF368BDCEC3}.Release|x86.ActiveCfg = Release|Any CPU
		{BC23B672-654A-48C2-8DC6-2DF368BDCEC3}.Release|x86.Build.0 = Release|Any CPU
		{5F385393-9D76-4DAA-BA59-35E4622E687B}.Debug|Any CPU.ActiveCfg = Debug|Any CPU
		{5F385393-9D76-4DAA-BA59-35E4622E687B}.Debug|Any CPU.Build.0 = Debug|Any CPU
		{5F385393-9D76-4DAA-BA59-35E4622E687B}.Debug|x86.ActiveCfg = Debug|Any CPU
		{5F385393-9D76-4DAA-BA59-35E4622E687B}.Debug|x86.Build.0 = Debug|Any CPU
		{5F385393-9D76-4DAA-BA59-35E4622E687B}.Release|Any CPU.ActiveCfg = Release|Any CPU
		{5F385393-9D76-4DAA-BA59-35E4622E687B}.Release|Any CPU.Build.0 = Release|Any CPU
		{5F385393-9D76-4DAA-BA59-35E4622E687B}.Release|x86.ActiveCfg = Release|Any CPU
		{5F385393-9D76-4DAA-BA59-35E4622E687B}.Release|x86.Build.0 = Release|Any CPU
		{E805908B-E76B-4A2C-8245-ADE0A8DD18AB}.Debug|Any CPU.ActiveCfg = Debug|Any CPU
		{E805908B-E76B-4A2C-8245-ADE0A8DD18AB}.Debug|Any CPU.Build.0 = Debug|Any CPU
		{E805908B-E76B-4A2C-8245-ADE0A8DD18AB}.Debug|x86.ActiveCfg = Debug|Any CPU
		{E805908B-E76B-4A2C-8245-ADE0A8DD18AB}.Debug|x86.Build.0 = Debug|Any CPU
		{E805908B-E76B-4A2C-8245-ADE0A8DD18AB}.Release|Any CPU.ActiveCfg = Release|Any CPU
		{E805908B-E76B-4A2C-8245-ADE0A8DD18AB}.Release|Any CPU.Build.0 = Release|Any CPU
		{E805908B-E76B-4A2C-8245-ADE0A8DD18AB}.Release|x86.ActiveCfg = Release|Any CPU
		{E805908B-E76B-4A2C-8245-ADE0A8DD18AB}.Release|x86.Build.0 = Release|Any CPU
		{C59DD3AC-2751-4444-845A-2A835B922FC3}.Debug|Any CPU.ActiveCfg = Debug|Any CPU
		{C59DD3AC-2751-4444-845A-2A835B922FC3}.Debug|Any CPU.Build.0 = Debug|Any CPU
		{C59DD3AC-2751-4444-845A-2A835B922FC3}.Debug|x86.ActiveCfg = Debug|Any CPU
		{C59DD3AC-2751-4444-845A-2A835B922FC3}.Debug|x86.Build.0 = Debug|Any CPU
		{C59DD3AC-2751-4444-845A-2A835B922FC3}.Release|Any CPU.ActiveCfg = Release|Any CPU
		{C59DD3AC-2751-4444-845A-2A835B922FC3}.Release|Any CPU.Build.0 = Release|Any CPU
		{C59DD3AC-2751-4444-845A-2A835B922FC3}.Release|x86.ActiveCfg = Release|Any CPU
		{C59DD3AC-2751-4444-845A-2A835B922FC3}.Release|x86.Build.0 = Release|Any CPU
		{0FCC7889-20DE-4E04-A569-D90DEB9F2AE8}.Debug|Any CPU.ActiveCfg = Debug|Any CPU
		{0FCC7889-20DE-4E04-A569-D90DEB9F2AE8}.Debug|Any CPU.Build.0 = Debug|Any CPU
		{0FCC7889-20DE-4E04-A569-D90DEB9F2AE8}.Debug|x86.ActiveCfg = Debug|Any CPU
		{0FCC7889-20DE-4E04-A569-D90DEB9F2AE8}.Debug|x86.Build.0 = Debug|Any CPU
		{0FCC7889-20DE-4E04-A569-D90DEB9F2AE8}.Release|Any CPU.ActiveCfg = Release|Any CPU
		{0FCC7889-20DE-4E04-A569-D90DEB9F2AE8}.Release|Any CPU.Build.0 = Release|Any CPU
		{0FCC7889-20DE-4E04-A569-D90DEB9F2AE8}.Release|x86.ActiveCfg = Release|Any CPU
		{0FCC7889-20DE-4E04-A569-D90DEB9F2AE8}.Release|x86.Build.0 = Release|Any CPU
		{5E40445C-8C49-4741-A020-4623205309C7}.Debug|Any CPU.ActiveCfg = Debug|Any CPU
		{5E40445C-8C49-4741-A020-4623205309C7}.Debug|Any CPU.Build.0 = Debug|Any CPU
		{5E40445C-8C49-4741-A020-4623205309C7}.Debug|x86.ActiveCfg = Debug|Any CPU
		{5E40445C-8C49-4741-A020-4623205309C7}.Debug|x86.Build.0 = Debug|Any CPU
		{5E40445C-8C49-4741-A020-4623205309C7}.Release|Any CPU.ActiveCfg = Release|Any CPU
		{5E40445C-8C49-4741-A020-4623205309C7}.Release|Any CPU.Build.0 = Release|Any CPU
		{5E40445C-8C49-4741-A020-4623205309C7}.Release|x86.ActiveCfg = Release|Any CPU
		{5E40445C-8C49-4741-A020-4623205309C7}.Release|x86.Build.0 = Release|Any CPU
		{D82D75ED-7988-4795-BC5F-897520BFC016}.Debug|Any CPU.ActiveCfg = Debug|Any CPU
		{D82D75ED-7988-4795-BC5F-897520BFC016}.Debug|Any CPU.Build.0 = Debug|Any CPU
		{D82D75ED-7988-4795-BC5F-897520BFC016}.Debug|x86.ActiveCfg = Debug|Any CPU
		{D82D75ED-7988-4795-BC5F-897520BFC016}.Debug|x86.Build.0 = Debug|Any CPU
		{D82D75ED-7988-4795-BC5F-897520BFC016}.Release|Any CPU.ActiveCfg = Release|Any CPU
		{D82D75ED-7988-4795-BC5F-897520BFC016}.Release|Any CPU.Build.0 = Release|Any CPU
		{D82D75ED-7988-4795-BC5F-897520BFC016}.Release|x86.ActiveCfg = Release|Any CPU
		{D82D75ED-7988-4795-BC5F-897520BFC016}.Release|x86.Build.0 = Release|Any CPU
		{95F270DF-6603-47BC-A487-924C420E122A}.Debug|Any CPU.ActiveCfg = Debug|Any CPU
		{95F270DF-6603-47BC-A487-924C420E122A}.Debug|Any CPU.Build.0 = Debug|Any CPU
		{95F270DF-6603-47BC-A487-924C420E122A}.Debug|x86.ActiveCfg = Debug|Any CPU
		{95F270DF-6603-47BC-A487-924C420E122A}.Debug|x86.Build.0 = Debug|Any CPU
		{95F270DF-6603-47BC-A487-924C420E122A}.Release|Any CPU.ActiveCfg = Release|Any CPU
		{95F270DF-6603-47BC-A487-924C420E122A}.Release|Any CPU.Build.0 = Release|Any CPU
		{95F270DF-6603-47BC-A487-924C420E122A}.Release|x86.ActiveCfg = Release|Any CPU
		{95F270DF-6603-47BC-A487-924C420E122A}.Release|x86.Build.0 = Release|Any CPU
		{E9640058-49F9-4F56-9C7C-1E57EEDD03F3}.Debug|Any CPU.ActiveCfg = Debug|Any CPU
		{E9640058-49F9-4F56-9C7C-1E57EEDD03F3}.Debug|Any CPU.Build.0 = Debug|Any CPU
		{E9640058-49F9-4F56-9C7C-1E57EEDD03F3}.Debug|x86.ActiveCfg = Debug|Any CPU
		{E9640058-49F9-4F56-9C7C-1E57EEDD03F3}.Debug|x86.Build.0 = Debug|Any CPU
		{E9640058-49F9-4F56-9C7C-1E57EEDD03F3}.Release|Any CPU.ActiveCfg = Release|Any CPU
		{E9640058-49F9-4F56-9C7C-1E57EEDD03F3}.Release|Any CPU.Build.0 = Release|Any CPU
		{E9640058-49F9-4F56-9C7C-1E57EEDD03F3}.Release|x86.ActiveCfg = Release|Any CPU
		{E9640058-49F9-4F56-9C7C-1E57EEDD03F3}.Release|x86.Build.0 = Release|Any CPU
		{5ADCEDE6-83CA-4C4F-9C7D-722754E1B02B}.Debug|Any CPU.ActiveCfg = Debug|Any CPU
		{5ADCEDE6-83CA-4C4F-9C7D-722754E1B02B}.Debug|Any CPU.Build.0 = Debug|Any CPU
		{5ADCEDE6-83CA-4C4F-9C7D-722754E1B02B}.Debug|x86.ActiveCfg = Debug|Any CPU
		{5ADCEDE6-83CA-4C4F-9C7D-722754E1B02B}.Debug|x86.Build.0 = Debug|Any CPU
		{5ADCEDE6-83CA-4C4F-9C7D-722754E1B02B}.Release|Any CPU.ActiveCfg = Release|Any CPU
		{5ADCEDE6-83CA-4C4F-9C7D-722754E1B02B}.Release|Any CPU.Build.0 = Release|Any CPU
		{5ADCEDE6-83CA-4C4F-9C7D-722754E1B02B}.Release|x86.ActiveCfg = Release|Any CPU
		{5ADCEDE6-83CA-4C4F-9C7D-722754E1B02B}.Release|x86.Build.0 = Release|Any CPU
		{C3FF2C65-7A2E-4392-B0D7-BF562DCB00B2}.Debug|Any CPU.ActiveCfg = Debug|Any CPU
		{C3FF2C65-7A2E-4392-B0D7-BF562DCB00B2}.Debug|Any CPU.Build.0 = Debug|Any CPU
		{C3FF2C65-7A2E-4392-B0D7-BF562DCB00B2}.Debug|x86.ActiveCfg = Debug|Any CPU
		{C3FF2C65-7A2E-4392-B0D7-BF562DCB00B2}.Debug|x86.Build.0 = Debug|Any CPU
		{C3FF2C65-7A2E-4392-B0D7-BF562DCB00B2}.Release|Any CPU.ActiveCfg = Release|Any CPU
		{C3FF2C65-7A2E-4392-B0D7-BF562DCB00B2}.Release|Any CPU.Build.0 = Release|Any CPU
		{C3FF2C65-7A2E-4392-B0D7-BF562DCB00B2}.Release|x86.ActiveCfg = Release|Any CPU
		{C3FF2C65-7A2E-4392-B0D7-BF562DCB00B2}.Release|x86.Build.0 = Release|Any CPU
		{AA90407D-E0A5-4C99-AAFB-1EBE6F6EBB7F}.Debug|Any CPU.ActiveCfg = Debug|Any CPU
		{AA90407D-E0A5-4C99-AAFB-1EBE6F6EBB7F}.Debug|Any CPU.Build.0 = Debug|Any CPU
		{AA90407D-E0A5-4C99-AAFB-1EBE6F6EBB7F}.Debug|x86.ActiveCfg = Debug|Any CPU
		{AA90407D-E0A5-4C99-AAFB-1EBE6F6EBB7F}.Debug|x86.Build.0 = Debug|Any CPU
		{AA90407D-E0A5-4C99-AAFB-1EBE6F6EBB7F}.Release|Any CPU.ActiveCfg = Release|Any CPU
		{AA90407D-E0A5-4C99-AAFB-1EBE6F6EBB7F}.Release|Any CPU.Build.0 = Release|Any CPU
		{AA90407D-E0A5-4C99-AAFB-1EBE6F6EBB7F}.Release|x86.ActiveCfg = Release|Any CPU
		{AA90407D-E0A5-4C99-AAFB-1EBE6F6EBB7F}.Release|x86.Build.0 = Release|Any CPU
		{1E8FA162-DA0C-4D65-83EB-64CB1DEEC733}.Debug|Any CPU.ActiveCfg = Debug|Any CPU
		{1E8FA162-DA0C-4D65-83EB-64CB1DEEC733}.Debug|Any CPU.Build.0 = Debug|Any CPU
		{1E8FA162-DA0C-4D65-83EB-64CB1DEEC733}.Debug|x86.ActiveCfg = Debug|Any CPU
		{1E8FA162-DA0C-4D65-83EB-64CB1DEEC733}.Debug|x86.Build.0 = Debug|Any CPU
		{1E8FA162-DA0C-4D65-83EB-64CB1DEEC733}.Release|Any CPU.ActiveCfg = Release|Any CPU
		{1E8FA162-DA0C-4D65-83EB-64CB1DEEC733}.Release|Any CPU.Build.0 = Release|Any CPU
		{1E8FA162-DA0C-4D65-83EB-64CB1DEEC733}.Release|x86.ActiveCfg = Release|Any CPU
		{1E8FA162-DA0C-4D65-83EB-64CB1DEEC733}.Release|x86.Build.0 = Release|Any CPU
		{F2FE9EE9-5745-4D82-A1BE-2530C63B05A9}.Debug|Any CPU.ActiveCfg = Debug|Any CPU
		{F2FE9EE9-5745-4D82-A1BE-2530C63B05A9}.Debug|Any CPU.Build.0 = Debug|Any CPU
		{F2FE9EE9-5745-4D82-A1BE-2530C63B05A9}.Debug|x86.ActiveCfg = Debug|Any CPU
		{F2FE9EE9-5745-4D82-A1BE-2530C63B05A9}.Debug|x86.Build.0 = Debug|Any CPU
		{F2FE9EE9-5745-4D82-A1BE-2530C63B05A9}.Release|Any CPU.ActiveCfg = Release|Any CPU
		{F2FE9EE9-5745-4D82-A1BE-2530C63B05A9}.Release|Any CPU.Build.0 = Release|Any CPU
		{F2FE9EE9-5745-4D82-A1BE-2530C63B05A9}.Release|x86.ActiveCfg = Release|Any CPU
		{F2FE9EE9-5745-4D82-A1BE-2530C63B05A9}.Release|x86.Build.0 = Release|Any CPU
		{0996BBD4-6607-4F7E-ADDE-8CA0B5FEB3C4}.Debug|Any CPU.ActiveCfg = Debug|Any CPU
		{0996BBD4-6607-4F7E-ADDE-8CA0B5FEB3C4}.Debug|Any CPU.Build.0 = Debug|Any CPU
		{0996BBD4-6607-4F7E-ADDE-8CA0B5FEB3C4}.Debug|x86.ActiveCfg = Debug|Any CPU
		{0996BBD4-6607-4F7E-ADDE-8CA0B5FEB3C4}.Debug|x86.Build.0 = Debug|Any CPU
		{0996BBD4-6607-4F7E-ADDE-8CA0B5FEB3C4}.Release|Any CPU.ActiveCfg = Release|Any CPU
		{0996BBD4-6607-4F7E-ADDE-8CA0B5FEB3C4}.Release|Any CPU.Build.0 = Release|Any CPU
		{0996BBD4-6607-4F7E-ADDE-8CA0B5FEB3C4}.Release|x86.ActiveCfg = Release|Any CPU
		{0996BBD4-6607-4F7E-ADDE-8CA0B5FEB3C4}.Release|x86.Build.0 = Release|Any CPU
		{C664C1E8-84F7-4205-94CB-EAB8E3D6EEA0}.Debug|Any CPU.ActiveCfg = Debug|Any CPU
		{C664C1E8-84F7-4205-94CB-EAB8E3D6EEA0}.Debug|Any CPU.Build.0 = Debug|Any CPU
		{C664C1E8-84F7-4205-94CB-EAB8E3D6EEA0}.Debug|x86.ActiveCfg = Debug|Any CPU
		{C664C1E8-84F7-4205-94CB-EAB8E3D6EEA0}.Debug|x86.Build.0 = Debug|Any CPU
		{C664C1E8-84F7-4205-94CB-EAB8E3D6EEA0}.Release|Any CPU.ActiveCfg = Release|Any CPU
		{C664C1E8-84F7-4205-94CB-EAB8E3D6EEA0}.Release|Any CPU.Build.0 = Release|Any CPU
		{C664C1E8-84F7-4205-94CB-EAB8E3D6EEA0}.Release|x86.ActiveCfg = Release|Any CPU
		{C664C1E8-84F7-4205-94CB-EAB8E3D6EEA0}.Release|x86.Build.0 = Release|Any CPU
		{F5188A7C-041D-4960-B037-5A92D0C20226}.Debug|Any CPU.ActiveCfg = Debug|Any CPU
		{F5188A7C-041D-4960-B037-5A92D0C20226}.Debug|Any CPU.Build.0 = Debug|Any CPU
		{F5188A7C-041D-4960-B037-5A92D0C20226}.Debug|x86.ActiveCfg = Debug|Any CPU
		{F5188A7C-041D-4960-B037-5A92D0C20226}.Debug|x86.Build.0 = Debug|Any CPU
		{F5188A7C-041D-4960-B037-5A92D0C20226}.Release|Any CPU.ActiveCfg = Release|Any CPU
		{F5188A7C-041D-4960-B037-5A92D0C20226}.Release|Any CPU.Build.0 = Release|Any CPU
		{F5188A7C-041D-4960-B037-5A92D0C20226}.Release|x86.ActiveCfg = Release|Any CPU
		{F5188A7C-041D-4960-B037-5A92D0C20226}.Release|x86.Build.0 = Release|Any CPU
		{3E68E99C-71FB-4071-A286-3C0EDA846DD1}.Debug|Any CPU.ActiveCfg = Debug|Any CPU
		{3E68E99C-71FB-4071-A286-3C0EDA846DD1}.Debug|Any CPU.Build.0 = Debug|Any CPU
		{3E68E99C-71FB-4071-A286-3C0EDA846DD1}.Debug|x86.ActiveCfg = Debug|Any CPU
		{3E68E99C-71FB-4071-A286-3C0EDA846DD1}.Debug|x86.Build.0 = Debug|Any CPU
		{3E68E99C-71FB-4071-A286-3C0EDA846DD1}.Release|Any CPU.ActiveCfg = Release|Any CPU
		{3E68E99C-71FB-4071-A286-3C0EDA846DD1}.Release|Any CPU.Build.0 = Release|Any CPU
		{3E68E99C-71FB-4071-A286-3C0EDA846DD1}.Release|x86.ActiveCfg = Release|Any CPU
		{3E68E99C-71FB-4071-A286-3C0EDA846DD1}.Release|x86.Build.0 = Release|Any CPU
		{39760C7F-B2B1-4652-9B2E-E83636C4DE5B}.Debug|Any CPU.ActiveCfg = Debug|Any CPU
		{39760C7F-B2B1-4652-9B2E-E83636C4DE5B}.Debug|Any CPU.Build.0 = Debug|Any CPU
		{39760C7F-B2B1-4652-9B2E-E83636C4DE5B}.Debug|x86.ActiveCfg = Debug|Any CPU
		{39760C7F-B2B1-4652-9B2E-E83636C4DE5B}.Debug|x86.Build.0 = Debug|Any CPU
		{39760C7F-B2B1-4652-9B2E-E83636C4DE5B}.Release|Any CPU.ActiveCfg = Release|Any CPU
		{39760C7F-B2B1-4652-9B2E-E83636C4DE5B}.Release|Any CPU.Build.0 = Release|Any CPU
		{39760C7F-B2B1-4652-9B2E-E83636C4DE5B}.Release|x86.ActiveCfg = Release|Any CPU
		{39760C7F-B2B1-4652-9B2E-E83636C4DE5B}.Release|x86.Build.0 = Release|Any CPU
		{196DAB06-724F-4242-97E6-C435F9271962}.Debug|Any CPU.ActiveCfg = Debug|Any CPU
		{196DAB06-724F-4242-97E6-C435F9271962}.Debug|Any CPU.Build.0 = Debug|Any CPU
		{196DAB06-724F-4242-97E6-C435F9271962}.Debug|x86.ActiveCfg = Debug|Any CPU
		{196DAB06-724F-4242-97E6-C435F9271962}.Debug|x86.Build.0 = Debug|Any CPU
		{196DAB06-724F-4242-97E6-C435F9271962}.Release|Any CPU.ActiveCfg = Release|Any CPU
		{196DAB06-724F-4242-97E6-C435F9271962}.Release|Any CPU.Build.0 = Release|Any CPU
		{196DAB06-724F-4242-97E6-C435F9271962}.Release|x86.ActiveCfg = Release|Any CPU
		{196DAB06-724F-4242-97E6-C435F9271962}.Release|x86.Build.0 = Release|Any CPU
		{B7CD9F73-9214-433F-B2E7-C105E0B066A8}.Debug|Any CPU.ActiveCfg = Debug|Any CPU
		{B7CD9F73-9214-433F-B2E7-C105E0B066A8}.Debug|Any CPU.Build.0 = Debug|Any CPU
		{B7CD9F73-9214-433F-B2E7-C105E0B066A8}.Debug|x86.ActiveCfg = Debug|Any CPU
		{B7CD9F73-9214-433F-B2E7-C105E0B066A8}.Debug|x86.Build.0 = Debug|Any CPU
		{B7CD9F73-9214-433F-B2E7-C105E0B066A8}.Release|Any CPU.ActiveCfg = Release|Any CPU
		{B7CD9F73-9214-433F-B2E7-C105E0B066A8}.Release|Any CPU.Build.0 = Release|Any CPU
		{B7CD9F73-9214-433F-B2E7-C105E0B066A8}.Release|x86.ActiveCfg = Release|Any CPU
		{B7CD9F73-9214-433F-B2E7-C105E0B066A8}.Release|x86.Build.0 = Release|Any CPU
		{C2249C7A-F1A1-4A88-84A8-E6413BA52EB0}.Debug|Any CPU.ActiveCfg = Debug|Any CPU
		{C2249C7A-F1A1-4A88-84A8-E6413BA52EB0}.Debug|Any CPU.Build.0 = Debug|Any CPU
		{C2249C7A-F1A1-4A88-84A8-E6413BA52EB0}.Debug|x86.ActiveCfg = Debug|Any CPU
		{C2249C7A-F1A1-4A88-84A8-E6413BA52EB0}.Debug|x86.Build.0 = Debug|Any CPU
		{C2249C7A-F1A1-4A88-84A8-E6413BA52EB0}.Release|Any CPU.ActiveCfg = Release|Any CPU
		{C2249C7A-F1A1-4A88-84A8-E6413BA52EB0}.Release|Any CPU.Build.0 = Release|Any CPU
		{C2249C7A-F1A1-4A88-84A8-E6413BA52EB0}.Release|x86.ActiveCfg = Release|Any CPU
		{C2249C7A-F1A1-4A88-84A8-E6413BA52EB0}.Release|x86.Build.0 = Release|Any CPU
		{48E133C3-0102-4C02-B4CB-F8A066567E73}.Debug|Any CPU.ActiveCfg = Debug|Any CPU
		{48E133C3-0102-4C02-B4CB-F8A066567E73}.Debug|Any CPU.Build.0 = Debug|Any CPU
		{48E133C3-0102-4C02-B4CB-F8A066567E73}.Debug|x86.ActiveCfg = Debug|Any CPU
		{48E133C3-0102-4C02-B4CB-F8A066567E73}.Debug|x86.Build.0 = Debug|Any CPU
		{48E133C3-0102-4C02-B4CB-F8A066567E73}.Release|Any CPU.ActiveCfg = Release|Any CPU
		{48E133C3-0102-4C02-B4CB-F8A066567E73}.Release|Any CPU.Build.0 = Release|Any CPU
		{48E133C3-0102-4C02-B4CB-F8A066567E73}.Release|x86.ActiveCfg = Release|Any CPU
		{48E133C3-0102-4C02-B4CB-F8A066567E73}.Release|x86.Build.0 = Release|Any CPU
		{CEE1B94C-A19C-472C-A882-C7B46A2237CE}.Debug|Any CPU.ActiveCfg = Debug|Any CPU
		{CEE1B94C-A19C-472C-A882-C7B46A2237CE}.Debug|Any CPU.Build.0 = Debug|Any CPU
		{CEE1B94C-A19C-472C-A882-C7B46A2237CE}.Debug|x86.ActiveCfg = Debug|Any CPU
		{CEE1B94C-A19C-472C-A882-C7B46A2237CE}.Debug|x86.Build.0 = Debug|Any CPU
		{CEE1B94C-A19C-472C-A882-C7B46A2237CE}.Release|Any CPU.ActiveCfg = Release|Any CPU
		{CEE1B94C-A19C-472C-A882-C7B46A2237CE}.Release|Any CPU.Build.0 = Release|Any CPU
		{CEE1B94C-A19C-472C-A882-C7B46A2237CE}.Release|x86.ActiveCfg = Release|Any CPU
		{CEE1B94C-A19C-472C-A882-C7B46A2237CE}.Release|x86.Build.0 = Release|Any CPU
		{49C227B5-B239-4544-B2E5-E9EBBB28CC91}.Debug|Any CPU.ActiveCfg = Debug|Any CPU
		{49C227B5-B239-4544-B2E5-E9EBBB28CC91}.Debug|Any CPU.Build.0 = Debug|Any CPU
		{49C227B5-B239-4544-B2E5-E9EBBB28CC91}.Debug|x86.ActiveCfg = Debug|Any CPU
		{49C227B5-B239-4544-B2E5-E9EBBB28CC91}.Debug|x86.Build.0 = Debug|Any CPU
		{49C227B5-B239-4544-B2E5-E9EBBB28CC91}.Release|Any CPU.ActiveCfg = Release|Any CPU
		{49C227B5-B239-4544-B2E5-E9EBBB28CC91}.Release|Any CPU.Build.0 = Release|Any CPU
		{49C227B5-B239-4544-B2E5-E9EBBB28CC91}.Release|x86.ActiveCfg = Release|Any CPU
		{49C227B5-B239-4544-B2E5-E9EBBB28CC91}.Release|x86.Build.0 = Release|Any CPU
		{1158DFF7-1F7E-4854-9D88-141AF9DFA003}.Debug|Any CPU.ActiveCfg = Debug|Any CPU
		{1158DFF7-1F7E-4854-9D88-141AF9DFA003}.Debug|Any CPU.Build.0 = Debug|Any CPU
		{1158DFF7-1F7E-4854-9D88-141AF9DFA003}.Debug|x86.ActiveCfg = Debug|Any CPU
		{1158DFF7-1F7E-4854-9D88-141AF9DFA003}.Debug|x86.Build.0 = Debug|Any CPU
		{1158DFF7-1F7E-4854-9D88-141AF9DFA003}.Release|Any CPU.ActiveCfg = Release|Any CPU
		{1158DFF7-1F7E-4854-9D88-141AF9DFA003}.Release|Any CPU.Build.0 = Release|Any CPU
		{1158DFF7-1F7E-4854-9D88-141AF9DFA003}.Release|x86.ActiveCfg = Release|Any CPU
		{1158DFF7-1F7E-4854-9D88-141AF9DFA003}.Release|x86.Build.0 = Release|Any CPU
		{E5A2A3BD-B081-40BD-A99B-1C481DB5185F}.Debug|Any CPU.ActiveCfg = Debug|Any CPU
		{E5A2A3BD-B081-40BD-A99B-1C481DB5185F}.Debug|Any CPU.Build.0 = Debug|Any CPU
		{E5A2A3BD-B081-40BD-A99B-1C481DB5185F}.Debug|x86.ActiveCfg = Debug|Any CPU
		{E5A2A3BD-B081-40BD-A99B-1C481DB5185F}.Debug|x86.Build.0 = Debug|Any CPU
		{E5A2A3BD-B081-40BD-A99B-1C481DB5185F}.Release|Any CPU.ActiveCfg = Release|Any CPU
		{E5A2A3BD-B081-40BD-A99B-1C481DB5185F}.Release|Any CPU.Build.0 = Release|Any CPU
		{E5A2A3BD-B081-40BD-A99B-1C481DB5185F}.Release|x86.ActiveCfg = Release|Any CPU
		{E5A2A3BD-B081-40BD-A99B-1C481DB5185F}.Release|x86.Build.0 = Release|Any CPU
		{92E2AAF1-CA23-4BA9-A0D5-9B108844A418}.Debug|Any CPU.ActiveCfg = Debug|Any CPU
		{92E2AAF1-CA23-4BA9-A0D5-9B108844A418}.Debug|Any CPU.Build.0 = Debug|Any CPU
		{92E2AAF1-CA23-4BA9-A0D5-9B108844A418}.Debug|x86.ActiveCfg = Debug|Any CPU
		{92E2AAF1-CA23-4BA9-A0D5-9B108844A418}.Debug|x86.Build.0 = Debug|Any CPU
		{92E2AAF1-CA23-4BA9-A0D5-9B108844A418}.Release|Any CPU.ActiveCfg = Release|Any CPU
		{92E2AAF1-CA23-4BA9-A0D5-9B108844A418}.Release|Any CPU.Build.0 = Release|Any CPU
		{92E2AAF1-CA23-4BA9-A0D5-9B108844A418}.Release|x86.ActiveCfg = Release|Any CPU
		{92E2AAF1-CA23-4BA9-A0D5-9B108844A418}.Release|x86.Build.0 = Release|Any CPU
		{AD1FD905-01F1-4D19-A026-A6A671FC76C8}.Debug|Any CPU.ActiveCfg = Debug|Any CPU
		{AD1FD905-01F1-4D19-A026-A6A671FC76C8}.Debug|Any CPU.Build.0 = Debug|Any CPU
		{AD1FD905-01F1-4D19-A026-A6A671FC76C8}.Debug|x86.ActiveCfg = Debug|Any CPU
		{AD1FD905-01F1-4D19-A026-A6A671FC76C8}.Debug|x86.Build.0 = Debug|Any CPU
		{AD1FD905-01F1-4D19-A026-A6A671FC76C8}.Release|Any CPU.ActiveCfg = Release|Any CPU
		{AD1FD905-01F1-4D19-A026-A6A671FC76C8}.Release|Any CPU.Build.0 = Release|Any CPU
		{AD1FD905-01F1-4D19-A026-A6A671FC76C8}.Release|x86.ActiveCfg = Release|Any CPU
		{AD1FD905-01F1-4D19-A026-A6A671FC76C8}.Release|x86.Build.0 = Release|Any CPU
		{89C8AB45-2174-4E14-9F78-8A32364E2B26}.Debug|Any CPU.ActiveCfg = Debug|Any CPU
		{89C8AB45-2174-4E14-9F78-8A32364E2B26}.Debug|Any CPU.Build.0 = Debug|Any CPU
		{89C8AB45-2174-4E14-9F78-8A32364E2B26}.Debug|x86.ActiveCfg = Debug|Any CPU
		{89C8AB45-2174-4E14-9F78-8A32364E2B26}.Debug|x86.Build.0 = Debug|Any CPU
		{89C8AB45-2174-4E14-9F78-8A32364E2B26}.Release|Any CPU.ActiveCfg = Release|Any CPU
		{89C8AB45-2174-4E14-9F78-8A32364E2B26}.Release|Any CPU.Build.0 = Release|Any CPU
		{89C8AB45-2174-4E14-9F78-8A32364E2B26}.Release|x86.ActiveCfg = Release|Any CPU
		{89C8AB45-2174-4E14-9F78-8A32364E2B26}.Release|x86.Build.0 = Release|Any CPU
		{3E006426-B971-44EC-A217-90E6EF79D9D6}.Debug|Any CPU.ActiveCfg = Debug|Any CPU
		{3E006426-B971-44EC-A217-90E6EF79D9D6}.Debug|Any CPU.Build.0 = Debug|Any CPU
		{3E006426-B971-44EC-A217-90E6EF79D9D6}.Debug|x86.ActiveCfg = Debug|Any CPU
		{3E006426-B971-44EC-A217-90E6EF79D9D6}.Debug|x86.Build.0 = Debug|Any CPU
		{3E006426-B971-44EC-A217-90E6EF79D9D6}.Release|Any CPU.ActiveCfg = Release|Any CPU
		{3E006426-B971-44EC-A217-90E6EF79D9D6}.Release|Any CPU.Build.0 = Release|Any CPU
		{3E006426-B971-44EC-A217-90E6EF79D9D6}.Release|x86.ActiveCfg = Release|Any CPU
		{3E006426-B971-44EC-A217-90E6EF79D9D6}.Release|x86.Build.0 = Release|Any CPU
		{18AAFC32-6568-43D3-BF89-330FE5C67F2F}.Debug|Any CPU.ActiveCfg = Debug|Any CPU
		{18AAFC32-6568-43D3-BF89-330FE5C67F2F}.Debug|Any CPU.Build.0 = Debug|Any CPU
		{18AAFC32-6568-43D3-BF89-330FE5C67F2F}.Debug|x86.ActiveCfg = Debug|Any CPU
		{18AAFC32-6568-43D3-BF89-330FE5C67F2F}.Debug|x86.Build.0 = Debug|Any CPU
		{18AAFC32-6568-43D3-BF89-330FE5C67F2F}.Release|Any CPU.ActiveCfg = Release|Any CPU
		{18AAFC32-6568-43D3-BF89-330FE5C67F2F}.Release|Any CPU.Build.0 = Release|Any CPU
		{18AAFC32-6568-43D3-BF89-330FE5C67F2F}.Release|x86.ActiveCfg = Release|Any CPU
		{18AAFC32-6568-43D3-BF89-330FE5C67F2F}.Release|x86.Build.0 = Release|Any CPU
		{1EAB950D-C7A2-4C65-B671-B26D28716A00}.Debug|Any CPU.ActiveCfg = Debug|Any CPU
		{1EAB950D-C7A2-4C65-B671-B26D28716A00}.Debug|Any CPU.Build.0 = Debug|Any CPU
		{1EAB950D-C7A2-4C65-B671-B26D28716A00}.Debug|x86.ActiveCfg = Debug|Any CPU
		{1EAB950D-C7A2-4C65-B671-B26D28716A00}.Debug|x86.Build.0 = Debug|Any CPU
		{1EAB950D-C7A2-4C65-B671-B26D28716A00}.Release|Any CPU.ActiveCfg = Release|Any CPU
		{1EAB950D-C7A2-4C65-B671-B26D28716A00}.Release|Any CPU.Build.0 = Release|Any CPU
		{1EAB950D-C7A2-4C65-B671-B26D28716A00}.Release|x86.ActiveCfg = Release|Any CPU
		{1EAB950D-C7A2-4C65-B671-B26D28716A00}.Release|x86.Build.0 = Release|Any CPU
		{8A93BF4F-46E8-44CE-9152-DF6E94A28ED2}.Debug|Any CPU.ActiveCfg = Debug|Any CPU
		{8A93BF4F-46E8-44CE-9152-DF6E94A28ED2}.Debug|Any CPU.Build.0 = Debug|Any CPU
		{8A93BF4F-46E8-44CE-9152-DF6E94A28ED2}.Debug|x86.ActiveCfg = Debug|Any CPU
		{8A93BF4F-46E8-44CE-9152-DF6E94A28ED2}.Debug|x86.Build.0 = Debug|Any CPU
		{8A93BF4F-46E8-44CE-9152-DF6E94A28ED2}.Release|Any CPU.ActiveCfg = Release|Any CPU
		{8A93BF4F-46E8-44CE-9152-DF6E94A28ED2}.Release|Any CPU.Build.0 = Release|Any CPU
		{8A93BF4F-46E8-44CE-9152-DF6E94A28ED2}.Release|x86.ActiveCfg = Release|Any CPU
		{8A93BF4F-46E8-44CE-9152-DF6E94A28ED2}.Release|x86.Build.0 = Release|Any CPU
		{C9957DA6-A7E1-4A72-A041-1FC915250C9E}.Debug|Any CPU.ActiveCfg = Debug|Any CPU
		{C9957DA6-A7E1-4A72-A041-1FC915250C9E}.Debug|Any CPU.Build.0 = Debug|Any CPU
		{C9957DA6-A7E1-4A72-A041-1FC915250C9E}.Debug|x86.ActiveCfg = Debug|Any CPU
		{C9957DA6-A7E1-4A72-A041-1FC915250C9E}.Debug|x86.Build.0 = Debug|Any CPU
		{C9957DA6-A7E1-4A72-A041-1FC915250C9E}.Release|Any CPU.ActiveCfg = Release|Any CPU
		{C9957DA6-A7E1-4A72-A041-1FC915250C9E}.Release|Any CPU.Build.0 = Release|Any CPU
		{C9957DA6-A7E1-4A72-A041-1FC915250C9E}.Release|x86.ActiveCfg = Release|Any CPU
		{C9957DA6-A7E1-4A72-A041-1FC915250C9E}.Release|x86.Build.0 = Release|Any CPU
		{EFC8E312-C98D-46B7-B51C-596108341B6C}.Debug|Any CPU.ActiveCfg = Debug|Any CPU
		{EFC8E312-C98D-46B7-B51C-596108341B6C}.Debug|Any CPU.Build.0 = Debug|Any CPU
		{EFC8E312-C98D-46B7-B51C-596108341B6C}.Debug|x86.ActiveCfg = Debug|Any CPU
		{EFC8E312-C98D-46B7-B51C-596108341B6C}.Debug|x86.Build.0 = Debug|Any CPU
		{EFC8E312-C98D-46B7-B51C-596108341B6C}.Release|Any CPU.ActiveCfg = Release|Any CPU
		{EFC8E312-C98D-46B7-B51C-596108341B6C}.Release|Any CPU.Build.0 = Release|Any CPU
		{EFC8E312-C98D-46B7-B51C-596108341B6C}.Release|x86.ActiveCfg = Release|Any CPU
		{EFC8E312-C98D-46B7-B51C-596108341B6C}.Release|x86.Build.0 = Release|Any CPU
		{4E489A89-C3ED-43CE-9240-97BCB95F3290}.Debug|Any CPU.ActiveCfg = Debug|Any CPU
		{4E489A89-C3ED-43CE-9240-97BCB95F3290}.Debug|Any CPU.Build.0 = Debug|Any CPU
		{4E489A89-C3ED-43CE-9240-97BCB95F3290}.Debug|x86.ActiveCfg = Debug|Any CPU
		{4E489A89-C3ED-43CE-9240-97BCB95F3290}.Debug|x86.Build.0 = Debug|Any CPU
		{4E489A89-C3ED-43CE-9240-97BCB95F3290}.Release|Any CPU.ActiveCfg = Release|Any CPU
		{4E489A89-C3ED-43CE-9240-97BCB95F3290}.Release|Any CPU.Build.0 = Release|Any CPU
		{4E489A89-C3ED-43CE-9240-97BCB95F3290}.Release|x86.ActiveCfg = Release|Any CPU
		{4E489A89-C3ED-43CE-9240-97BCB95F3290}.Release|x86.Build.0 = Release|Any CPU
		{87F34F84-CE4F-4BB9-A54D-5FD161365583}.Debug|Any CPU.ActiveCfg = Debug|Any CPU
		{87F34F84-CE4F-4BB9-A54D-5FD161365583}.Debug|Any CPU.Build.0 = Debug|Any CPU
		{87F34F84-CE4F-4BB9-A54D-5FD161365583}.Debug|x86.ActiveCfg = Debug|Any CPU
		{87F34F84-CE4F-4BB9-A54D-5FD161365583}.Debug|x86.Build.0 = Debug|Any CPU
		{87F34F84-CE4F-4BB9-A54D-5FD161365583}.Release|Any CPU.ActiveCfg = Release|Any CPU
		{87F34F84-CE4F-4BB9-A54D-5FD161365583}.Release|Any CPU.Build.0 = Release|Any CPU
		{87F34F84-CE4F-4BB9-A54D-5FD161365583}.Release|x86.ActiveCfg = Release|Any CPU
		{87F34F84-CE4F-4BB9-A54D-5FD161365583}.Release|x86.Build.0 = Release|Any CPU
		{37E43795-A508-46D7-9516-456BC63718BE}.Debug|Any CPU.ActiveCfg = Debug|Any CPU
		{37E43795-A508-46D7-9516-456BC63718BE}.Debug|Any CPU.Build.0 = Debug|Any CPU
		{37E43795-A508-46D7-9516-456BC63718BE}.Debug|x86.ActiveCfg = Debug|Any CPU
		{37E43795-A508-46D7-9516-456BC63718BE}.Debug|x86.Build.0 = Debug|Any CPU
		{37E43795-A508-46D7-9516-456BC63718BE}.Release|Any CPU.ActiveCfg = Release|Any CPU
		{37E43795-A508-46D7-9516-456BC63718BE}.Release|Any CPU.Build.0 = Release|Any CPU
		{37E43795-A508-46D7-9516-456BC63718BE}.Release|x86.ActiveCfg = Release|Any CPU
		{37E43795-A508-46D7-9516-456BC63718BE}.Release|x86.Build.0 = Release|Any CPU
		{52B25F43-4809-47D8-B952-73E4176EF87F}.Debug|Any CPU.ActiveCfg = Debug|Any CPU
		{52B25F43-4809-47D8-B952-73E4176EF87F}.Debug|Any CPU.Build.0 = Debug|Any CPU
		{52B25F43-4809-47D8-B952-73E4176EF87F}.Debug|x86.ActiveCfg = Debug|Any CPU
		{52B25F43-4809-47D8-B952-73E4176EF87F}.Debug|x86.Build.0 = Debug|Any CPU
		{52B25F43-4809-47D8-B952-73E4176EF87F}.Release|Any CPU.ActiveCfg = Release|Any CPU
		{52B25F43-4809-47D8-B952-73E4176EF87F}.Release|Any CPU.Build.0 = Release|Any CPU
		{52B25F43-4809-47D8-B952-73E4176EF87F}.Release|x86.ActiveCfg = Release|Any CPU
		{52B25F43-4809-47D8-B952-73E4176EF87F}.Release|x86.Build.0 = Release|Any CPU
		{4955CECB-D96D-420C-992C-533696A1E26A}.Debug|Any CPU.ActiveCfg = Debug|Any CPU
		{4955CECB-D96D-420C-992C-533696A1E26A}.Debug|Any CPU.Build.0 = Debug|Any CPU
		{4955CECB-D96D-420C-992C-533696A1E26A}.Debug|x86.ActiveCfg = Debug|Any CPU
		{4955CECB-D96D-420C-992C-533696A1E26A}.Debug|x86.Build.0 = Debug|Any CPU
		{4955CECB-D96D-420C-992C-533696A1E26A}.Release|Any CPU.ActiveCfg = Release|Any CPU
		{4955CECB-D96D-420C-992C-533696A1E26A}.Release|Any CPU.Build.0 = Release|Any CPU
		{4955CECB-D96D-420C-992C-533696A1E26A}.Release|x86.ActiveCfg = Release|Any CPU
		{4955CECB-D96D-420C-992C-533696A1E26A}.Release|x86.Build.0 = Release|Any CPU
		{0AFEB3A4-B0F4-4BA8-8EE4-77C7A24362B2}.Debug|Any CPU.ActiveCfg = Debug|Any CPU
		{0AFEB3A4-B0F4-4BA8-8EE4-77C7A24362B2}.Debug|Any CPU.Build.0 = Debug|Any CPU
		{0AFEB3A4-B0F4-4BA8-8EE4-77C7A24362B2}.Debug|x86.ActiveCfg = Debug|Any CPU
		{0AFEB3A4-B0F4-4BA8-8EE4-77C7A24362B2}.Debug|x86.Build.0 = Debug|Any CPU
		{0AFEB3A4-B0F4-4BA8-8EE4-77C7A24362B2}.Release|Any CPU.ActiveCfg = Release|Any CPU
		{0AFEB3A4-B0F4-4BA8-8EE4-77C7A24362B2}.Release|Any CPU.Build.0 = Release|Any CPU
		{0AFEB3A4-B0F4-4BA8-8EE4-77C7A24362B2}.Release|x86.ActiveCfg = Release|Any CPU
		{0AFEB3A4-B0F4-4BA8-8EE4-77C7A24362B2}.Release|x86.Build.0 = Release|Any CPU
	EndGlobalSection
	GlobalSection(SolutionProperties) = preSolution
		HideSolutionNode = FALSE
	EndGlobalSection
	GlobalSection(ExtensibilityGlobals) = postSolution
		SolutionGuid = {B7F279F5-CC30-461A-BC90-50B34939BCBE}
	EndGlobalSection
EndGlobal
