
Microsoft Visual Studio Solution File, Format Version 12.00
# Visual Studio Version 17
VisualStudioVersion = 17.4.33122.133
MinimumVisualStudioVersion = 10.0.40219.1
Project("{9A19103F-16F7-4668-BE54-9A1E7A4F7556}") = "test", "Console_project\test.csproj", "{AF52ACDB-D46E-47B5-A95A-918605196444}"
EndProject
Project("{9A19103F-16F7-4668-BE54-9A1E7A4F7556}") = "选择结构", "选择结构\选择结构.csproj", "{2FCA6F41-AC5D-4FE7-B289-1CB77E79CF3F}"
EndProject
Project("{FAE04EC0-301F-11D3-BF4B-00C04F79EFBC}") = "数据类型与表达式", "数据类型与表达式\数据类型与表达式.csproj", "{B9EFA58B-303F-491A-ACBB-79EBECF9CB53}"
EndProject
Project("{FAE04EC0-301F-11D3-BF4B-00C04F79EFBC}") = "分段函数计算", "分段函数计算\分段函数计算.csproj", "{B7C13224-2D09-4266-A30F-E507191DEDDF}"
EndProject
Project("{FAE04EC0-301F-11D3-BF4B-00C04F79EFBC}") = "成绩转换", "成绩转换\成绩转换.csproj", "{8F8AFA6E-5E6A-4A19-A9C5-D9816288A546}"
EndProject
Project("{FAE04EC0-301F-11D3-BF4B-00C04F79EFBC}") = "While语句", "While语句\While语句.csproj", "{44F451B4-7811-4BF8-B00A-C17D2BC8FB19}"
EndProject
Project("{FAE04EC0-301F-11D3-BF4B-00C04F79EFBC}") = "For循环", "For循环\For循环.csproj", "{4E6C106C-AF61-417E-8D2E-555B0E80E617}"
EndProject
Project("{FAE04EC0-301F-11D3-BF4B-00C04F79EFBC}") = "判断素数", "判断素数\判断素数.csproj", "{0447C3DB-BEA1-45AE-A6AC-B5C9D2F65924}"
EndProject
Project("{FAE04EC0-301F-11D3-BF4B-00C04F79EFBC}") = "完全数", "完全数\完全数.csproj", "{30358B57-E41F-4587-AE72-887FB54572BC}"
EndProject
Project("{FAE04EC0-301F-11D3-BF4B-00C04F79EFBC}") = "阶乘", "阶乘\阶乘.csproj", "{A36E2A54-6005-4C30-ACE3-9BA631951D8D}"
EndProject
Global
	GlobalSection(SolutionConfigurationPlatforms) = preSolution
		Debug|Any CPU = Debug|Any CPU
		Release|Any CPU = Release|Any CPU
	EndGlobalSection
	GlobalSection(ProjectConfigurationPlatforms) = postSolution
		{AF52ACDB-D46E-47B5-A95A-918605196444}.Debug|Any CPU.ActiveCfg = Debug|Any CPU
		{AF52ACDB-D46E-47B5-A95A-918605196444}.Debug|Any CPU.Build.0 = Debug|Any CPU
		{AF52ACDB-D46E-47B5-A95A-918605196444}.Release|Any CPU.ActiveCfg = Release|Any CPU
		{AF52ACDB-D46E-47B5-A95A-918605196444}.Release|Any CPU.Build.0 = Release|Any CPU
		{2FCA6F41-AC5D-4FE7-B289-1CB77E79CF3F}.Debug|Any CPU.ActiveCfg = Debug|Any CPU
		{2FCA6F41-AC5D-4FE7-B289-1CB77E79CF3F}.Debug|Any CPU.Build.0 = Debug|Any CPU
		{2FCA6F41-AC5D-4FE7-B289-1CB77E79CF3F}.Release|Any CPU.ActiveCfg = Release|Any CPU
		{2FCA6F41-AC5D-4FE7-B289-1CB77E79CF3F}.Release|Any CPU.Build.0 = Release|Any CPU
		{B9EFA58B-303F-491A-ACBB-79EBECF9CB53}.Debug|Any CPU.ActiveCfg = Debug|Any CPU
		{B9EFA58B-303F-491A-ACBB-79EBECF9CB53}.Debug|Any CPU.Build.0 = Debug|Any CPU
		{B9EFA58B-303F-491A-ACBB-79EBECF9CB53}.Release|Any CPU.ActiveCfg = Release|Any CPU
		{B9EFA58B-303F-491A-ACBB-79EBECF9CB53}.Release|Any CPU.Build.0 = Release|Any CPU
		{B7C13224-2D09-4266-A30F-E507191DEDDF}.Debug|Any CPU.ActiveCfg = Debug|Any CPU
		{B7C13224-2D09-4266-A30F-E507191DEDDF}.Debug|Any CPU.Build.0 = Debug|Any CPU
		{B7C13224-2D09-4266-A30F-E507191DEDDF}.Release|Any CPU.ActiveCfg = Release|Any CPU
		{B7C13224-2D09-4266-A30F-E507191DEDDF}.Release|Any CPU.Build.0 = Release|Any CPU
		{8F8AFA6E-5E6A-4A19-A9C5-D9816288A546}.Debug|Any CPU.ActiveCfg = Debug|Any CPU
		{8F8AFA6E-5E6A-4A19-A9C5-D9816288A546}.Debug|Any CPU.Build.0 = Debug|Any CPU
		{8F8AFA6E-5E6A-4A19-A9C5-D9816288A546}.Release|Any CPU.ActiveCfg = Release|Any CPU
		{8F8AFA6E-5E6A-4A19-A9C5-D9816288A546}.Release|Any CPU.Build.0 = Release|Any CPU
		{44F451B4-7811-4BF8-B00A-C17D2BC8FB19}.Debug|Any CPU.ActiveCfg = Debug|Any CPU
		{44F451B4-7811-4BF8-B00A-C17D2BC8FB19}.Debug|Any CPU.Build.0 = Debug|Any CPU
		{44F451B4-7811-4BF8-B00A-C17D2BC8FB19}.Release|Any CPU.ActiveCfg = Release|Any CPU
		{44F451B4-7811-4BF8-B00A-C17D2BC8FB19}.Release|Any CPU.Build.0 = Release|Any CPU
		{4E6C106C-AF61-417E-8D2E-555B0E80E617}.Debug|Any CPU.ActiveCfg = Debug|Any CPU
		{4E6C106C-AF61-417E-8D2E-555B0E80E617}.Debug|Any CPU.Build.0 = Debug|Any CPU
		{4E6C106C-AF61-417E-8D2E-555B0E80E617}.Release|Any CPU.ActiveCfg = Release|Any CPU
		{4E6C106C-AF61-417E-8D2E-555B0E80E617}.Release|Any CPU.Build.0 = Release|Any CPU
		{0447C3DB-BEA1-45AE-A6AC-B5C9D2F65924}.Debug|Any CPU.ActiveCfg = Debug|Any CPU
		{0447C3DB-BEA1-45AE-A6AC-B5C9D2F65924}.Debug|Any CPU.Build.0 = Debug|Any CPU
		{0447C3DB-BEA1-45AE-A6AC-B5C9D2F65924}.Release|Any CPU.ActiveCfg = Release|Any CPU
		{0447C3DB-BEA1-45AE-A6AC-B5C9D2F65924}.Release|Any CPU.Build.0 = Release|Any CPU
		{30358B57-E41F-4587-AE72-887FB54572BC}.Debug|Any CPU.ActiveCfg = Debug|Any CPU
		{30358B57-E41F-4587-AE72-887FB54572BC}.Debug|Any CPU.Build.0 = Debug|Any CPU
		{30358B57-E41F-4587-AE72-887FB54572BC}.Release|Any CPU.ActiveCfg = Release|Any CPU
		{30358B57-E41F-4587-AE72-887FB54572BC}.Release|Any CPU.Build.0 = Release|Any CPU
		{A36E2A54-6005-4C30-ACE3-9BA631951D8D}.Debug|Any CPU.ActiveCfg = Debug|Any CPU
		{A36E2A54-6005-4C30-ACE3-9BA631951D8D}.Debug|Any CPU.Build.0 = Debug|Any CPU
		{A36E2A54-6005-4C30-ACE3-9BA631951D8D}.Release|Any CPU.ActiveCfg = Release|Any CPU
		{A36E2A54-6005-4C30-ACE3-9BA631951D8D}.Release|Any CPU.Build.0 = Release|Any CPU
	EndGlobalSection
	GlobalSection(SolutionProperties) = preSolution
		HideSolutionNode = FALSE
	EndGlobalSection
	GlobalSection(ExtensibilityGlobals) = postSolution
		SolutionGuid = {B7F279F5-CC30-461A-BC90-50B34939BCBE}
	EndGlobalSection
EndGlobal
